// !$*UTF8*$!
{
	archiveVersion = 1;
	classes = {
	};
	objectVersion = 56;
	objects = {

/* Begin PBXBuildFile section */
		3D26B4BD2B53E0FB008D8B53 /* FilterRMCharactersUseCase.swift in Sources */ = {isa = PBXBuildFile; fileRef = 3D26B4BC2B53E0FB008D8B53 /* FilterRMCharactersUseCase.swift */; };
		3D26B4C12B53E13B008D8B53 /* RMCharactersRepository.swift in Sources */ = {isa = PBXBuildFile; fileRef = 3D26B4C02B53E13B008D8B53 /* RMCharactersRepository.swift */; };
		3D26B4C42B53E1DA008D8B53 /* DefaultRMCharactersRepository.swift in Sources */ = {isa = PBXBuildFile; fileRef = 3D26B4C32B53E1DA008D8B53 /* DefaultRMCharactersRepository.swift */; };
		3D26B4C62B53E23E008D8B53 /* RMCharactersPageResponseStorage.swift in Sources */ = {isa = PBXBuildFile; fileRef = 3D26B4C52B53E23E008D8B53 /* RMCharactersPageResponseStorage.swift */; };
		3D26B4CC2B53EA73008D8B53 /* Cancellable.swift in Sources */ = {isa = PBXBuildFile; fileRef = 3D26B4CB2B53EA73008D8B53 /* Cancellable.swift */; };
		3D26B4CE2B53EB47008D8B53 /* RMPosterImagesRepository.swift in Sources */ = {isa = PBXBuildFile; fileRef = 3D26B4CD2B53EB47008D8B53 /* RMPosterImagesRepository.swift */; };
		3D26B4D02B53ED7C008D8B53 /* RMEpisodesRepository.swift in Sources */ = {isa = PBXBuildFile; fileRef = 3D26B4CF2B53ED7C008D8B53 /* RMEpisodesRepository.swift */; };
		3D26B4D52B53F0E9008D8B53 /* FetchRMCharacterUseCase.swift in Sources */ = {isa = PBXBuildFile; fileRef = 3D26B4D42B53F0E9008D8B53 /* FetchRMCharacterUseCase.swift */; };
		3D26B4D72B53F3EB008D8B53 /* FetchRMEpisodesUseCase.swift in Sources */ = {isa = PBXBuildFile; fileRef = 3D26B4D62B53F3EB008D8B53 /* FetchRMEpisodesUseCase.swift */; };
		3D26B4D92B53F3FF008D8B53 /* FetchRMEpisodeUseCase.swift in Sources */ = {isa = PBXBuildFile; fileRef = 3D26B4D82B53F3FF008D8B53 /* FetchRMEpisodeUseCase.swift */; };
		3D26B4DB2B53F583008D8B53 /* RMCharacterOrigin.swift in Sources */ = {isa = PBXBuildFile; fileRef = 3D26B4DA2B53F583008D8B53 /* RMCharacterOrigin.swift */; };
		3D26B4DD2B53F58D008D8B53 /* RMCharacterLocation.swift in Sources */ = {isa = PBXBuildFile; fileRef = 3D26B4DC2B53F58D008D8B53 /* RMCharacterLocation.swift */; };
		3D26B4E02B53F7CB008D8B53 /* RMCharactersRequestDTO+Mapping.swift in Sources */ = {isa = PBXBuildFile; fileRef = 3D26B4DF2B53F7CB008D8B53 /* RMCharactersRequestDTO+Mapping.swift */; };
		3D26B4E32B53F7F5008D8B53 /* RMCharactersPageResponseDTO+Mapping.swift in Sources */ = {isa = PBXBuildFile; fileRef = 3D26B4E22B53F7F5008D8B53 /* RMCharactersPageResponseDTO+Mapping.swift */; };
		3D26B4E52B540202008D8B53 /* DataTransferService.swift in Sources */ = {isa = PBXBuildFile; fileRef = 3D26B4E42B540202008D8B53 /* DataTransferService.swift */; };
		3D26B4E82B540256008D8B53 /* Endpoint.swift in Sources */ = {isa = PBXBuildFile; fileRef = 3D26B4E72B540256008D8B53 /* Endpoint.swift */; };
		3D26B4EA2B54027D008D8B53 /* NetworkConfig.swift in Sources */ = {isa = PBXBuildFile; fileRef = 3D26B4E92B54027D008D8B53 /* NetworkConfig.swift */; };
		3D26B4EC2B5402BC008D8B53 /* NetworkService.swift in Sources */ = {isa = PBXBuildFile; fileRef = 3D26B4EB2B5402BC008D8B53 /* NetworkService.swift */; };
		3D26B4F02B540444008D8B53 /* RepositoryTask.swift in Sources */ = {isa = PBXBuildFile; fileRef = 3D26B4EF2B540444008D8B53 /* RepositoryTask.swift */; };
		3D26B4F22B540489008D8B53 /* APIEndpoints.swift in Sources */ = {isa = PBXBuildFile; fileRef = 3D26B4F12B540489008D8B53 /* APIEndpoints.swift */; };
		3D26B4F42B5405DF008D8B53 /* DefaultRMPosterImagesRepository.swift in Sources */ = {isa = PBXBuildFile; fileRef = 3D26B4F32B5405DF008D8B53 /* DefaultRMPosterImagesRepository.swift */; };
		3D26B4F72B540681008D8B53 /* CoreDataRMCharactersPageResponseStorage.swift in Sources */ = {isa = PBXBuildFile; fileRef = 3D26B4F62B540681008D8B53 /* CoreDataRMCharactersPageResponseStorage.swift */; };
		3D26B4FA2B5406A7008D8B53 /* RMCharactersPageResponseEntity+Mapping.swift in Sources */ = {isa = PBXBuildFile; fileRef = 3D26B4F92B5406A7008D8B53 /* RMCharactersPageResponseEntity+Mapping.swift */; };
		3D26B4FC2B5406CA008D8B53 /* CoreDataStorage.swift in Sources */ = {isa = PBXBuildFile; fileRef = 3D26B4FB2B5406CA008D8B53 /* CoreDataStorage.swift */; };
		3D4ABFA82B57A05E00CCFAAA /* StringHelper.swift in Sources */ = {isa = PBXBuildFile; fileRef = 3D4ABFA72B57A05E00CCFAAA /* StringHelper.swift */; };
		3D4ABFAA2B57E5F100CCFAAA /* Collection+Extensions.swift in Sources */ = {isa = PBXBuildFile; fileRef = 3D4ABFA92B57E5F100CCFAAA /* Collection+Extensions.swift */; };
		3DBCB7922B553F4900BD3306 /* AppAppearance.swift in Sources */ = {isa = PBXBuildFile; fileRef = 3DBCB7912B553F4900BD3306 /* AppAppearance.swift */; };
		3DBCB7942B5540EC00BD3306 /* AppConfigurations.swift in Sources */ = {isa = PBXBuildFile; fileRef = 3DBCB7932B5540EC00BD3306 /* AppConfigurations.swift */; };
		3DBCB7962B55431C00BD3306 /* AppFlowCoordinator.swift in Sources */ = {isa = PBXBuildFile; fileRef = 3DBCB7952B55431C00BD3306 /* AppFlowCoordinator.swift */; };
		3DBCB7992B55477A00BD3306 /* AppDIContainer.swift in Sources */ = {isa = PBXBuildFile; fileRef = 3DBCB7982B55477A00BD3306 /* AppDIContainer.swift */; };
		3DBCB79B2B5547AE00BD3306 /* CharactersSceneDIContainer.swift in Sources */ = {isa = PBXBuildFile; fileRef = 3DBCB79A2B5547AE00BD3306 /* CharactersSceneDIContainer.swift */; };
		3DBCB79D2B554AEE00BD3306 /* FetchRMCharactersUseCase.swift in Sources */ = {isa = PBXBuildFile; fileRef = 3DBCB79C2B554AEE00BD3306 /* FetchRMCharactersUseCase.swift */; };
		3DBCB7A02B554EA200BD3306 /* CharactersFilterFlowCoordinator.swift in Sources */ = {isa = PBXBuildFile; fileRef = 3DBCB79F2B554EA200BD3306 /* CharactersFilterFlowCoordinator.swift */; };
		3DBCB7A22B5550C400BD3306 /* CharactersListViewModel.swift in Sources */ = {isa = PBXBuildFile; fileRef = 3DBCB7A12B5550C400BD3306 /* CharactersListViewModel.swift */; };
		3DBCB7A42B55534600BD3306 /* DispatchQueueType.swift in Sources */ = {isa = PBXBuildFile; fileRef = 3DBCB7A32B55534600BD3306 /* DispatchQueueType.swift */; };
		3DBCB7A62B55540500BD3306 /* ConnectionError.swift in Sources */ = {isa = PBXBuildFile; fileRef = 3DBCB7A52B55540500BD3306 /* ConnectionError.swift */; };
		3DBCB7A82B5558B900BD3306 /* CharactersListViewController.swift in Sources */ = {isa = PBXBuildFile; fileRef = 3DBCB7A72B5558B900BD3306 /* CharactersListViewController.swift */; };
		3DBCB7AD2B555A1500BD3306 /* CharacterDetailsViewModel.swift in Sources */ = {isa = PBXBuildFile; fileRef = 3DBCB7AC2B555A1500BD3306 /* CharacterDetailsViewModel.swift */; };
		3DBCB7AF2B555A2C00BD3306 /* CharacterDetailsViewController.swift in Sources */ = {isa = PBXBuildFile; fileRef = 3DBCB7AE2B555A2C00BD3306 /* CharacterDetailsViewController.swift */; };
		3DBCB7BB2B555FFA00BD3306 /* Localizable.xcstrings in Resources */ = {isa = PBXBuildFile; fileRef = 3DBCB7BA2B555FFA00BD3306 /* Localizable.xcstrings */; };
		3DBCB7BD2B556B1900BD3306 /* CharactersListItemViewModel.swift in Sources */ = {isa = PBXBuildFile; fileRef = 3DBCB7BC2B556B1900BD3306 /* CharactersListItemViewModel.swift */; };
		3DBCB7C12B556BD300BD3306 /* CharactersListTableViewCell.swift in Sources */ = {isa = PBXBuildFile; fileRef = 3DBCB7C02B556BD300BD3306 /* CharactersListTableViewCell.swift */; };
		3DBCB7C52B556E6800BD3306 /* UIView+Extensions.swift in Sources */ = {isa = PBXBuildFile; fileRef = 3DBCB7C42B556E6800BD3306 /* UIView+Extensions.swift */; };
		3DBCB7CC2B55977800BD3306 /* CharactersListTableViewController.swift in Sources */ = {isa = PBXBuildFile; fileRef = 3DBCB7CB2B55977800BD3306 /* CharactersListTableViewController.swift */; };
		3DBCB7D02B559CB800BD3306 /* AccessibilityIdentifier.swift in Sources */ = {isa = PBXBuildFile; fileRef = 3DBCB7CF2B559CB800BD3306 /* AccessibilityIdentifier.swift */; };
		3DBCB7D22B559DBF00BD3306 /* Alertable.swift in Sources */ = {isa = PBXBuildFile; fileRef = 3DBCB7D12B559DBF00BD3306 /* Alertable.swift */; };
		3DBCB7D42B559E6C00BD3306 /* LoadinView.swift in Sources */ = {isa = PBXBuildFile; fileRef = 3DBCB7D32B559E6C00BD3306 /* LoadinView.swift */; };
		3DBCB7D62B559F9800BD3306 /* UIViewController+Extensions.swift in Sources */ = {isa = PBXBuildFile; fileRef = 3DBCB7D52B559F9800BD3306 /* UIViewController+Extensions.swift */; };
		3DBCB7D92B559FDB00BD3306 /* BackButtonEmptyTitleNavigationBarBehavior.swift in Sources */ = {isa = PBXBuildFile; fileRef = 3DBCB7D82B559FDB00BD3306 /* BackButtonEmptyTitleNavigationBarBehavior.swift */; };
		3DBCB7DB2B559FF000BD3306 /* BlackStyleNavigationBarBehavior.swift in Sources */ = {isa = PBXBuildFile; fileRef = 3DBCB7DA2B559FF000BD3306 /* BlackStyleNavigationBarBehavior.swift */; };
		3DBCB7DD2B55A10500BD3306 /* UITableViewController+Extensions.swift in Sources */ = {isa = PBXBuildFile; fileRef = 3DBCB7DC2B55A10500BD3306 /* UITableViewController+Extensions.swift */; };
		3DBCB7DF2B55A19300BD3306 /* DataTransferError+Extensions.swift in Sources */ = {isa = PBXBuildFile; fileRef = 3DBCB7DE2B55A19300BD3306 /* DataTransferError+Extensions.swift */; };
		3DBED8322B503CA8000753B6 /* AppDelegate.swift in Sources */ = {isa = PBXBuildFile; fileRef = 3DBED8312B503CA8000753B6 /* AppDelegate.swift */; };
		3DBED8342B503CA8000753B6 /* SceneDelegate.swift in Sources */ = {isa = PBXBuildFile; fileRef = 3DBED8332B503CA8000753B6 /* SceneDelegate.swift */; };
		3DBED83C2B503CA8000753B6 /* CoreDataStorage.xcdatamodeld in Sources */ = {isa = PBXBuildFile; fileRef = 3DBED83A2B503CA8000753B6 /* CoreDataStorage.xcdatamodeld */; };
		3DBED83E2B503CA9000753B6 /* Assets.xcassets in Resources */ = {isa = PBXBuildFile; fileRef = 3DBED83D2B503CA9000753B6 /* Assets.xcassets */; };
		3DBED8412B503CA9000753B6 /* LaunchScreen.storyboard in Resources */ = {isa = PBXBuildFile; fileRef = 3DBED83F2B503CA9000753B6 /* LaunchScreen.storyboard */; };
		3DBED8562B503CA9000753B6 /* RickAndMortyWikiUITests.swift in Sources */ = {isa = PBXBuildFile; fileRef = 3DBED8552B503CA9000753B6 /* RickAndMortyWikiUITests.swift */; };
		3DBED8582B503CA9000753B6 /* RickAndMortyWikiUITestsLaunchTests.swift in Sources */ = {isa = PBXBuildFile; fileRef = 3DBED8572B503CA9000753B6 /* RickAndMortyWikiUITestsLaunchTests.swift */; };
		3DDA5D472B56A4B800D8A5C7 /* String+Extensions.swift in Sources */ = {isa = PBXBuildFile; fileRef = 3DDA5D462B56A4B800D8A5C7 /* String+Extensions.swift */; };
		3DDA5D4A2B56B95200D8A5C7 /* ImageHelper.swift in Sources */ = {isa = PBXBuildFile; fileRef = 3DDA5D492B56B95200D8A5C7 /* ImageHelper.swift */; };
		3DDA5D4C2B56BA9500D8A5C7 /* ColorHelper.swift in Sources */ = {isa = PBXBuildFile; fileRef = 3DDA5D4B2B56BA9500D8A5C7 /* ColorHelper.swift */; };
		3DDA5D532B56D2F300D8A5C7 /* Lato-Bold.ttf in Resources */ = {isa = PBXBuildFile; fileRef = 3DDA5D522B56D2D800D8A5C7 /* Lato-Bold.ttf */; };
		3DDA5D542B56D2F500D8A5C7 /* Lato-Medium.ttf in Resources */ = {isa = PBXBuildFile; fileRef = 3DDA5D512B56D2D800D8A5C7 /* Lato-Medium.ttf */; };
		3DDA5D552B56D2F700D8A5C7 /* Lato-Regular.ttf in Resources */ = {isa = PBXBuildFile; fileRef = 3DDA5D502B56D2D800D8A5C7 /* Lato-Regular.ttf */; };
		3DDA5D572B56D36C00D8A5C7 /* FontHelper.swift in Sources */ = {isa = PBXBuildFile; fileRef = 3DDA5D562B56D36C00D8A5C7 /* FontHelper.swift */; };
		3DDFF6072B5425E800136E70 /* DefaultRMEpisodesRepository.swift in Sources */ = {isa = PBXBuildFile; fileRef = 3DDFF6062B5425E800136E70 /* DefaultRMEpisodesRepository.swift */; };
		3DDFF60A2B5429A200136E70 /* RMEpisodesResponseStorage.swift in Sources */ = {isa = PBXBuildFile; fileRef = 3DDFF6092B5429A200136E70 /* RMEpisodesResponseStorage.swift */; };
		3DDFF60C2B542A6100136E70 /* RMEpisodeDTO+Mapping.swift in Sources */ = {isa = PBXBuildFile; fileRef = 3DDFF60B2B542A6100136E70 /* RMEpisodeDTO+Mapping.swift */; };
		3DDFF60E2B542C8700136E70 /* CoreDataRMEpisodesResponseStorage.swift in Sources */ = {isa = PBXBuildFile; fileRef = 3DDFF60D2B542C8700136E70 /* CoreDataRMEpisodesResponseStorage.swift */; };
		3DDFF6122B54301600136E70 /* RMEpisodesRequestDTO+Mapping.swift in Sources */ = {isa = PBXBuildFile; fileRef = 3DDFF6112B54301600136E70 /* RMEpisodesRequestDTO+Mapping.swift */; };
		3DEF01CE2B54374300DD587B /* RMEpisodesResponseEntity+Mapping.swift in Sources */ = {isa = PBXBuildFile; fileRef = 3DEF01CD2B54374300DD587B /* RMEpisodesResponseEntity+Mapping.swift */; };
		3DEF01D22B543FC900DD587B /* RMEpisodeResponseStorage.swift in Sources */ = {isa = PBXBuildFile; fileRef = 3DEF01D12B543FC900DD587B /* RMEpisodeResponseStorage.swift */; };
		3DEF01D42B543FE600DD587B /* RMCharacterResponseStorage.swift in Sources */ = {isa = PBXBuildFile; fileRef = 3DEF01D32B543FE600DD587B /* RMCharacterResponseStorage.swift */; };
		3DEF01D62B54411800DD587B /* RMCharacterRequestDTO+Mapping.swift in Sources */ = {isa = PBXBuildFile; fileRef = 3DEF01D52B54411800DD587B /* RMCharacterRequestDTO+Mapping.swift */; };
		3DEF01D82B54415600DD587B /* RMEpisodeRequestDTO+Mapping.swift in Sources */ = {isa = PBXBuildFile; fileRef = 3DEF01D72B54415600DD587B /* RMEpisodeRequestDTO+Mapping.swift */; };
		3DEF01DF2B54496D00DD587B /* RMCharactersResponseStorage.swift in Sources */ = {isa = PBXBuildFile; fileRef = 3DEF01DE2B54496D00DD587B /* RMCharactersResponseStorage.swift */; };
		3DEF01E12B544A0800DD587B /* RMCharactersPageRequestDto+Mapping.swift in Sources */ = {isa = PBXBuildFile; fileRef = 3DEF01E02B544A0800DD587B /* RMCharactersPageRequestDto+Mapping.swift */; };
		3DEF01E52B5450A900DD587B /* CoreDataRMCharactersResponseStorage.swift in Sources */ = {isa = PBXBuildFile; fileRef = 3DEF01E42B5450A900DD587B /* CoreDataRMCharactersResponseStorage.swift */; };
		3DEF01E72B5450BF00DD587B /* RMCharactersResponseEntity+Mapping.swift in Sources */ = {isa = PBXBuildFile; fileRef = 3DEF01E62B5450BF00DD587B /* RMCharactersResponseEntity+Mapping.swift */; };
		3DEF01EA2B54563400DD587B /* RMCharacterResponseEntity+Mapping.swift in Sources */ = {isa = PBXBuildFile; fileRef = 3DEF01E92B54563400DD587B /* RMCharacterResponseEntity+Mapping.swift */; };
		3DEF01EC2B54565D00DD587B /* CoreDataRMCharacterResponseStorage.swift in Sources */ = {isa = PBXBuildFile; fileRef = 3DEF01EB2B54565D00DD587B /* CoreDataRMCharacterResponseStorage.swift */; };
		3DEF01EF2B54567300DD587B /* CoreDataRMEpisodeResponseStorage.swift in Sources */ = {isa = PBXBuildFile; fileRef = 3DEF01EE2B54567300DD587B /* CoreDataRMEpisodeResponseStorage.swift */; };
		3DEF01F12B54568A00DD587B /* RMEpisodeResponseEntity+Mapping.swift in Sources */ = {isa = PBXBuildFile; fileRef = 3DEF01F02B54568A00DD587B /* RMEpisodeResponseEntity+Mapping.swift */; };
		3DF4A2C62B5266BF000C3108 /* RMCharacter.swift in Sources */ = {isa = PBXBuildFile; fileRef = 3DF4A2C52B5266BF000C3108 /* RMCharacter.swift */; };
		3DF4A2CD2B526DF1000C3108 /* RMEpisode.swift in Sources */ = {isa = PBXBuildFile; fileRef = 3DF4A2CC2B526DF1000C3108 /* RMEpisode.swift */; };
/* End PBXBuildFile section */

/* Begin PBXContainerItemProxy section */
		3DBED8482B503CA9000753B6 /* PBXContainerItemProxy */ = {
			isa = PBXContainerItemProxy;
			containerPortal = 3DBED8262B503CA8000753B6 /* Project object */;
			proxyType = 1;
			remoteGlobalIDString = 3DBED82D2B503CA8000753B6;
			remoteInfo = RickAndMortyWiki;
		};
		3DBED8522B503CA9000753B6 /* PBXContainerItemProxy */ = {
			isa = PBXContainerItemProxy;
			containerPortal = 3DBED8262B503CA8000753B6 /* Project object */;
			proxyType = 1;
			remoteGlobalIDString = 3DBED82D2B503CA8000753B6;
			remoteInfo = RickAndMortyWiki;
		};
/* End PBXContainerItemProxy section */

/* Begin PBXFileReference section */
		3D26B4BC2B53E0FB008D8B53 /* FilterRMCharactersUseCase.swift */ = {isa = PBXFileReference; lastKnownFileType = sourcecode.swift; path = FilterRMCharactersUseCase.swift; sourceTree = "<group>"; };
		3D26B4C02B53E13B008D8B53 /* RMCharactersRepository.swift */ = {isa = PBXFileReference; lastKnownFileType = sourcecode.swift; path = RMCharactersRepository.swift; sourceTree = "<group>"; };
		3D26B4C32B53E1DA008D8B53 /* DefaultRMCharactersRepository.swift */ = {isa = PBXFileReference; lastKnownFileType = sourcecode.swift; path = DefaultRMCharactersRepository.swift; sourceTree = "<group>"; };
		3D26B4C52B53E23E008D8B53 /* RMCharactersPageResponseStorage.swift */ = {isa = PBXFileReference; lastKnownFileType = sourcecode.swift; path = RMCharactersPageResponseStorage.swift; sourceTree = "<group>"; };
		3D26B4CB2B53EA73008D8B53 /* Cancellable.swift */ = {isa = PBXFileReference; lastKnownFileType = sourcecode.swift; path = Cancellable.swift; sourceTree = "<group>"; };
		3D26B4CD2B53EB47008D8B53 /* RMPosterImagesRepository.swift */ = {isa = PBXFileReference; lastKnownFileType = sourcecode.swift; path = RMPosterImagesRepository.swift; sourceTree = "<group>"; };
		3D26B4CF2B53ED7C008D8B53 /* RMEpisodesRepository.swift */ = {isa = PBXFileReference; lastKnownFileType = sourcecode.swift; path = RMEpisodesRepository.swift; sourceTree = "<group>"; };
		3D26B4D42B53F0E9008D8B53 /* FetchRMCharacterUseCase.swift */ = {isa = PBXFileReference; lastKnownFileType = sourcecode.swift; path = FetchRMCharacterUseCase.swift; sourceTree = "<group>"; };
		3D26B4D62B53F3EB008D8B53 /* FetchRMEpisodesUseCase.swift */ = {isa = PBXFileReference; lastKnownFileType = sourcecode.swift; path = FetchRMEpisodesUseCase.swift; sourceTree = "<group>"; };
		3D26B4D82B53F3FF008D8B53 /* FetchRMEpisodeUseCase.swift */ = {isa = PBXFileReference; lastKnownFileType = sourcecode.swift; path = FetchRMEpisodeUseCase.swift; sourceTree = "<group>"; };
		3D26B4DA2B53F583008D8B53 /* RMCharacterOrigin.swift */ = {isa = PBXFileReference; lastKnownFileType = sourcecode.swift; path = RMCharacterOrigin.swift; sourceTree = "<group>"; };
		3D26B4DC2B53F58D008D8B53 /* RMCharacterLocation.swift */ = {isa = PBXFileReference; lastKnownFileType = sourcecode.swift; path = RMCharacterLocation.swift; sourceTree = "<group>"; };
		3D26B4DF2B53F7CB008D8B53 /* RMCharactersRequestDTO+Mapping.swift */ = {isa = PBXFileReference; lastKnownFileType = sourcecode.swift; path = "RMCharactersRequestDTO+Mapping.swift"; sourceTree = "<group>"; };
		3D26B4E22B53F7F5008D8B53 /* RMCharactersPageResponseDTO+Mapping.swift */ = {isa = PBXFileReference; lastKnownFileType = sourcecode.swift; path = "RMCharactersPageResponseDTO+Mapping.swift"; sourceTree = "<group>"; };
		3D26B4E42B540202008D8B53 /* DataTransferService.swift */ = {isa = PBXFileReference; lastKnownFileType = sourcecode.swift; path = DataTransferService.swift; sourceTree = "<group>"; };
		3D26B4E72B540256008D8B53 /* Endpoint.swift */ = {isa = PBXFileReference; lastKnownFileType = sourcecode.swift; path = Endpoint.swift; sourceTree = "<group>"; };
		3D26B4E92B54027D008D8B53 /* NetworkConfig.swift */ = {isa = PBXFileReference; lastKnownFileType = sourcecode.swift; path = NetworkConfig.swift; sourceTree = "<group>"; };
		3D26B4EB2B5402BC008D8B53 /* NetworkService.swift */ = {isa = PBXFileReference; lastKnownFileType = sourcecode.swift; path = NetworkService.swift; sourceTree = "<group>"; };
		3D26B4EF2B540444008D8B53 /* RepositoryTask.swift */ = {isa = PBXFileReference; lastKnownFileType = sourcecode.swift; path = RepositoryTask.swift; sourceTree = "<group>"; };
		3D26B4F12B540489008D8B53 /* APIEndpoints.swift */ = {isa = PBXFileReference; lastKnownFileType = sourcecode.swift; path = APIEndpoints.swift; sourceTree = "<group>"; };
		3D26B4F32B5405DF008D8B53 /* DefaultRMPosterImagesRepository.swift */ = {isa = PBXFileReference; lastKnownFileType = sourcecode.swift; path = DefaultRMPosterImagesRepository.swift; sourceTree = "<group>"; };
		3D26B4F62B540681008D8B53 /* CoreDataRMCharactersPageResponseStorage.swift */ = {isa = PBXFileReference; lastKnownFileType = sourcecode.swift; path = CoreDataRMCharactersPageResponseStorage.swift; sourceTree = "<group>"; };
		3D26B4F92B5406A7008D8B53 /* RMCharactersPageResponseEntity+Mapping.swift */ = {isa = PBXFileReference; lastKnownFileType = sourcecode.swift; path = "RMCharactersPageResponseEntity+Mapping.swift"; sourceTree = "<group>"; };
		3D26B4FB2B5406CA008D8B53 /* CoreDataStorage.swift */ = {isa = PBXFileReference; lastKnownFileType = sourcecode.swift; path = CoreDataStorage.swift; sourceTree = "<group>"; };
		3D4ABFA72B57A05E00CCFAAA /* StringHelper.swift */ = {isa = PBXFileReference; lastKnownFileType = sourcecode.swift; path = StringHelper.swift; sourceTree = "<group>"; };
		3D4ABFA92B57E5F100CCFAAA /* Collection+Extensions.swift */ = {isa = PBXFileReference; lastKnownFileType = sourcecode.swift; path = "Collection+Extensions.swift"; sourceTree = "<group>"; };
		3DBCB7912B553F4900BD3306 /* AppAppearance.swift */ = {isa = PBXFileReference; lastKnownFileType = sourcecode.swift; path = AppAppearance.swift; sourceTree = "<group>"; };
		3DBCB7932B5540EC00BD3306 /* AppConfigurations.swift */ = {isa = PBXFileReference; lastKnownFileType = sourcecode.swift; path = AppConfigurations.swift; sourceTree = "<group>"; };
		3DBCB7952B55431C00BD3306 /* AppFlowCoordinator.swift */ = {isa = PBXFileReference; lastKnownFileType = sourcecode.swift; path = AppFlowCoordinator.swift; sourceTree = "<group>"; };
		3DBCB7982B55477A00BD3306 /* AppDIContainer.swift */ = {isa = PBXFileReference; lastKnownFileType = sourcecode.swift; path = AppDIContainer.swift; sourceTree = "<group>"; };
		3DBCB79A2B5547AE00BD3306 /* CharactersSceneDIContainer.swift */ = {isa = PBXFileReference; lastKnownFileType = sourcecode.swift; path = CharactersSceneDIContainer.swift; sourceTree = "<group>"; };
		3DBCB79C2B554AEE00BD3306 /* FetchRMCharactersUseCase.swift */ = {isa = PBXFileReference; lastKnownFileType = sourcecode.swift; path = FetchRMCharactersUseCase.swift; sourceTree = "<group>"; };
		3DBCB79F2B554EA200BD3306 /* CharactersFilterFlowCoordinator.swift */ = {isa = PBXFileReference; lastKnownFileType = sourcecode.swift; path = CharactersFilterFlowCoordinator.swift; sourceTree = "<group>"; };
		3DBCB7A12B5550C400BD3306 /* CharactersListViewModel.swift */ = {isa = PBXFileReference; lastKnownFileType = sourcecode.swift; path = CharactersListViewModel.swift; sourceTree = "<group>"; };
		3DBCB7A32B55534600BD3306 /* DispatchQueueType.swift */ = {isa = PBXFileReference; lastKnownFileType = sourcecode.swift; path = DispatchQueueType.swift; sourceTree = "<group>"; };
		3DBCB7A52B55540500BD3306 /* ConnectionError.swift */ = {isa = PBXFileReference; lastKnownFileType = sourcecode.swift; path = ConnectionError.swift; sourceTree = "<group>"; };
		3DBCB7A72B5558B900BD3306 /* CharactersListViewController.swift */ = {isa = PBXFileReference; lastKnownFileType = sourcecode.swift; path = CharactersListViewController.swift; sourceTree = "<group>"; };
		3DBCB7AC2B555A1500BD3306 /* CharacterDetailsViewModel.swift */ = {isa = PBXFileReference; lastKnownFileType = sourcecode.swift; path = CharacterDetailsViewModel.swift; sourceTree = "<group>"; };
		3DBCB7AE2B555A2C00BD3306 /* CharacterDetailsViewController.swift */ = {isa = PBXFileReference; lastKnownFileType = sourcecode.swift; path = CharacterDetailsViewController.swift; sourceTree = "<group>"; };
		3DBCB7BA2B555FFA00BD3306 /* Localizable.xcstrings */ = {isa = PBXFileReference; lastKnownFileType = text.json.xcstrings; path = Localizable.xcstrings; sourceTree = "<group>"; };
		3DBCB7BC2B556B1900BD3306 /* CharactersListItemViewModel.swift */ = {isa = PBXFileReference; lastKnownFileType = sourcecode.swift; path = CharactersListItemViewModel.swift; sourceTree = "<group>"; };
		3DBCB7C02B556BD300BD3306 /* CharactersListTableViewCell.swift */ = {isa = PBXFileReference; lastKnownFileType = sourcecode.swift; path = CharactersListTableViewCell.swift; sourceTree = "<group>"; };
		3DBCB7C42B556E6800BD3306 /* UIView+Extensions.swift */ = {isa = PBXFileReference; lastKnownFileType = sourcecode.swift; path = "UIView+Extensions.swift"; sourceTree = "<group>"; };
		3DBCB7CB2B55977800BD3306 /* CharactersListTableViewController.swift */ = {isa = PBXFileReference; lastKnownFileType = sourcecode.swift; path = CharactersListTableViewController.swift; sourceTree = "<group>"; };
		3DBCB7CF2B559CB800BD3306 /* AccessibilityIdentifier.swift */ = {isa = PBXFileReference; lastKnownFileType = sourcecode.swift; path = AccessibilityIdentifier.swift; sourceTree = "<group>"; };
		3DBCB7D12B559DBF00BD3306 /* Alertable.swift */ = {isa = PBXFileReference; lastKnownFileType = sourcecode.swift; path = Alertable.swift; sourceTree = "<group>"; };
		3DBCB7D32B559E6C00BD3306 /* LoadinView.swift */ = {isa = PBXFileReference; lastKnownFileType = sourcecode.swift; path = LoadinView.swift; sourceTree = "<group>"; };
		3DBCB7D52B559F9800BD3306 /* UIViewController+Extensions.swift */ = {isa = PBXFileReference; lastKnownFileType = sourcecode.swift; path = "UIViewController+Extensions.swift"; sourceTree = "<group>"; };
		3DBCB7D82B559FDB00BD3306 /* BackButtonEmptyTitleNavigationBarBehavior.swift */ = {isa = PBXFileReference; lastKnownFileType = sourcecode.swift; path = BackButtonEmptyTitleNavigationBarBehavior.swift; sourceTree = "<group>"; };
		3DBCB7DA2B559FF000BD3306 /* BlackStyleNavigationBarBehavior.swift */ = {isa = PBXFileReference; lastKnownFileType = sourcecode.swift; path = BlackStyleNavigationBarBehavior.swift; sourceTree = "<group>"; };
		3DBCB7DC2B55A10500BD3306 /* UITableViewController+Extensions.swift */ = {isa = PBXFileReference; lastKnownFileType = sourcecode.swift; path = "UITableViewController+Extensions.swift"; sourceTree = "<group>"; };
		3DBCB7DE2B55A19300BD3306 /* DataTransferError+Extensions.swift */ = {isa = PBXFileReference; lastKnownFileType = sourcecode.swift; path = "DataTransferError+Extensions.swift"; sourceTree = "<group>"; };
		3DBED82E2B503CA8000753B6 /* RickAndMortyWiki.app */ = {isa = PBXFileReference; explicitFileType = wrapper.application; includeInIndex = 0; path = RickAndMortyWiki.app; sourceTree = BUILT_PRODUCTS_DIR; };
		3DBED8312B503CA8000753B6 /* AppDelegate.swift */ = {isa = PBXFileReference; lastKnownFileType = sourcecode.swift; path = AppDelegate.swift; sourceTree = "<group>"; };
		3DBED8332B503CA8000753B6 /* SceneDelegate.swift */ = {isa = PBXFileReference; lastKnownFileType = sourcecode.swift; path = SceneDelegate.swift; sourceTree = "<group>"; };
		3DBED83B2B503CA8000753B6 /* RickAndMortyWiki.xcdatamodel */ = {isa = PBXFileReference; lastKnownFileType = wrapper.xcdatamodel; path = RickAndMortyWiki.xcdatamodel; sourceTree = "<group>"; };
		3DBED83D2B503CA9000753B6 /* Assets.xcassets */ = {isa = PBXFileReference; lastKnownFileType = folder.assetcatalog; path = Assets.xcassets; sourceTree = "<group>"; };
		3DBED8402B503CA9000753B6 /* Base */ = {isa = PBXFileReference; lastKnownFileType = file.storyboard; name = Base; path = Base.lproj/LaunchScreen.storyboard; sourceTree = "<group>"; };
		3DBED8422B503CA9000753B6 /* Info.plist */ = {isa = PBXFileReference; lastKnownFileType = text.plist.xml; path = Info.plist; sourceTree = "<group>"; };
		3DBED8472B503CA9000753B6 /* RickAndMortyWikiTests.xctest */ = {isa = PBXFileReference; explicitFileType = wrapper.cfbundle; includeInIndex = 0; path = RickAndMortyWikiTests.xctest; sourceTree = BUILT_PRODUCTS_DIR; };
		3DBED8512B503CA9000753B6 /* RickAndMortyWikiUITests.xctest */ = {isa = PBXFileReference; explicitFileType = wrapper.cfbundle; includeInIndex = 0; path = RickAndMortyWikiUITests.xctest; sourceTree = BUILT_PRODUCTS_DIR; };
		3DBED8552B503CA9000753B6 /* RickAndMortyWikiUITests.swift */ = {isa = PBXFileReference; lastKnownFileType = sourcecode.swift; path = RickAndMortyWikiUITests.swift; sourceTree = "<group>"; };
		3DBED8572B503CA9000753B6 /* RickAndMortyWikiUITestsLaunchTests.swift */ = {isa = PBXFileReference; lastKnownFileType = sourcecode.swift; path = RickAndMortyWikiUITestsLaunchTests.swift; sourceTree = "<group>"; };
		3DDA5D462B56A4B800D8A5C7 /* String+Extensions.swift */ = {isa = PBXFileReference; lastKnownFileType = sourcecode.swift; path = "String+Extensions.swift"; sourceTree = "<group>"; };
		3DDA5D492B56B95200D8A5C7 /* ImageHelper.swift */ = {isa = PBXFileReference; lastKnownFileType = sourcecode.swift; path = ImageHelper.swift; sourceTree = "<group>"; };
		3DDA5D4B2B56BA9500D8A5C7 /* ColorHelper.swift */ = {isa = PBXFileReference; lastKnownFileType = sourcecode.swift; path = ColorHelper.swift; sourceTree = "<group>"; };
		3DDA5D502B56D2D800D8A5C7 /* Lato-Regular.ttf */ = {isa = PBXFileReference; lastKnownFileType = file; path = "Lato-Regular.ttf"; sourceTree = "<group>"; };
		3DDA5D512B56D2D800D8A5C7 /* Lato-Medium.ttf */ = {isa = PBXFileReference; lastKnownFileType = file; path = "Lato-Medium.ttf"; sourceTree = "<group>"; };
		3DDA5D522B56D2D800D8A5C7 /* Lato-Bold.ttf */ = {isa = PBXFileReference; lastKnownFileType = file; path = "Lato-Bold.ttf"; sourceTree = "<group>"; };
		3DDA5D562B56D36C00D8A5C7 /* FontHelper.swift */ = {isa = PBXFileReference; lastKnownFileType = sourcecode.swift; path = FontHelper.swift; sourceTree = "<group>"; };
		3DDFF6062B5425E800136E70 /* DefaultRMEpisodesRepository.swift */ = {isa = PBXFileReference; lastKnownFileType = sourcecode.swift; path = DefaultRMEpisodesRepository.swift; sourceTree = "<group>"; };
		3DDFF6092B5429A200136E70 /* RMEpisodesResponseStorage.swift */ = {isa = PBXFileReference; lastKnownFileType = sourcecode.swift; path = RMEpisodesResponseStorage.swift; sourceTree = "<group>"; };
		3DDFF60B2B542A6100136E70 /* RMEpisodeDTO+Mapping.swift */ = {isa = PBXFileReference; lastKnownFileType = sourcecode.swift; path = "RMEpisodeDTO+Mapping.swift"; sourceTree = "<group>"; };
		3DDFF60D2B542C8700136E70 /* CoreDataRMEpisodesResponseStorage.swift */ = {isa = PBXFileReference; lastKnownFileType = sourcecode.swift; path = CoreDataRMEpisodesResponseStorage.swift; sourceTree = "<group>"; };
		3DDFF6112B54301600136E70 /* RMEpisodesRequestDTO+Mapping.swift */ = {isa = PBXFileReference; lastKnownFileType = sourcecode.swift; path = "RMEpisodesRequestDTO+Mapping.swift"; sourceTree = "<group>"; };
		3DEF01CD2B54374300DD587B /* RMEpisodesResponseEntity+Mapping.swift */ = {isa = PBXFileReference; lastKnownFileType = sourcecode.swift; path = "RMEpisodesResponseEntity+Mapping.swift"; sourceTree = "<group>"; };
		3DEF01D12B543FC900DD587B /* RMEpisodeResponseStorage.swift */ = {isa = PBXFileReference; lastKnownFileType = sourcecode.swift; path = RMEpisodeResponseStorage.swift; sourceTree = "<group>"; };
		3DEF01D32B543FE600DD587B /* RMCharacterResponseStorage.swift */ = {isa = PBXFileReference; lastKnownFileType = sourcecode.swift; path = RMCharacterResponseStorage.swift; sourceTree = "<group>"; };
		3DEF01D52B54411800DD587B /* RMCharacterRequestDTO+Mapping.swift */ = {isa = PBXFileReference; lastKnownFileType = sourcecode.swift; path = "RMCharacterRequestDTO+Mapping.swift"; sourceTree = "<group>"; };
		3DEF01D72B54415600DD587B /* RMEpisodeRequestDTO+Mapping.swift */ = {isa = PBXFileReference; lastKnownFileType = sourcecode.swift; path = "RMEpisodeRequestDTO+Mapping.swift"; sourceTree = "<group>"; };
		3DEF01DE2B54496D00DD587B /* RMCharactersResponseStorage.swift */ = {isa = PBXFileReference; lastKnownFileType = sourcecode.swift; path = RMCharactersResponseStorage.swift; sourceTree = "<group>"; };
		3DEF01E02B544A0800DD587B /* RMCharactersPageRequestDto+Mapping.swift */ = {isa = PBXFileReference; lastKnownFileType = sourcecode.swift; path = "RMCharactersPageRequestDto+Mapping.swift"; sourceTree = "<group>"; };
		3DEF01E42B5450A900DD587B /* CoreDataRMCharactersResponseStorage.swift */ = {isa = PBXFileReference; lastKnownFileType = sourcecode.swift; path = CoreDataRMCharactersResponseStorage.swift; sourceTree = "<group>"; };
		3DEF01E62B5450BF00DD587B /* RMCharactersResponseEntity+Mapping.swift */ = {isa = PBXFileReference; lastKnownFileType = sourcecode.swift; path = "RMCharactersResponseEntity+Mapping.swift"; sourceTree = "<group>"; };
		3DEF01E92B54563400DD587B /* RMCharacterResponseEntity+Mapping.swift */ = {isa = PBXFileReference; lastKnownFileType = sourcecode.swift; path = "RMCharacterResponseEntity+Mapping.swift"; sourceTree = "<group>"; };
		3DEF01EB2B54565D00DD587B /* CoreDataRMCharacterResponseStorage.swift */ = {isa = PBXFileReference; lastKnownFileType = sourcecode.swift; path = CoreDataRMCharacterResponseStorage.swift; sourceTree = "<group>"; };
		3DEF01EE2B54567300DD587B /* CoreDataRMEpisodeResponseStorage.swift */ = {isa = PBXFileReference; lastKnownFileType = sourcecode.swift; path = CoreDataRMEpisodeResponseStorage.swift; sourceTree = "<group>"; };
		3DEF01F02B54568A00DD587B /* RMEpisodeResponseEntity+Mapping.swift */ = {isa = PBXFileReference; lastKnownFileType = sourcecode.swift; path = "RMEpisodeResponseEntity+Mapping.swift"; sourceTree = "<group>"; };
		3DF4A2C52B5266BF000C3108 /* RMCharacter.swift */ = {isa = PBXFileReference; lastKnownFileType = sourcecode.swift; path = RMCharacter.swift; sourceTree = "<group>"; };
		3DF4A2CC2B526DF1000C3108 /* RMEpisode.swift */ = {isa = PBXFileReference; lastKnownFileType = sourcecode.swift; path = RMEpisode.swift; sourceTree = "<group>"; };
/* End PBXFileReference section */

/* Begin PBXFrameworksBuildPhase section */
		3DBED82B2B503CA8000753B6 /* Frameworks */ = {
			isa = PBXFrameworksBuildPhase;
			buildActionMask = 2147483647;
			files = (
			);
			runOnlyForDeploymentPostprocessing = 0;
		};
		3DBED8442B503CA9000753B6 /* Frameworks */ = {
			isa = PBXFrameworksBuildPhase;
			buildActionMask = 2147483647;
			files = (
			);
			runOnlyForDeploymentPostprocessing = 0;
		};
		3DBED84E2B503CA9000753B6 /* Frameworks */ = {
			isa = PBXFrameworksBuildPhase;
			buildActionMask = 2147483647;
			files = (
			);
			runOnlyForDeploymentPostprocessing = 0;
		};
/* End PBXFrameworksBuildPhase section */

/* Begin PBXGroup section */
		3D26B4A82B53D7B9008D8B53 /* Resources */ = {
			isa = PBXGroup;
			children = (
				3DDA5D4F2B56D2AC00D8A5C7 /* Fonts */,
				3DBED83D2B503CA9000753B6 /* Assets.xcassets */,
				3DBED8422B503CA9000753B6 /* Info.plist */,
				3DBED83F2B503CA9000753B6 /* LaunchScreen.storyboard */,
				3DBCB7BA2B555FFA00BD3306 /* Localizable.xcstrings */,
			);
			path = Resources;
			sourceTree = "<group>";
		};
		3D26B4A92B53D7F3008D8B53 /* Application */ = {
			isa = PBXGroup;
			children = (
				3DBCB7912B553F4900BD3306 /* AppAppearance.swift */,
				3DBCB7932B5540EC00BD3306 /* AppConfigurations.swift */,
				3DBED8312B503CA8000753B6 /* AppDelegate.swift */,
				3DBCB7952B55431C00BD3306 /* AppFlowCoordinator.swift */,
				3DBED8332B503CA8000753B6 /* SceneDelegate.swift */,
				3DBCB7972B55475E00BD3306 /* DIContainer */,
			);
			path = Application;
			sourceTree = "<group>";
		};
		3D26B4AA2B53DAC1008D8B53 /* Domain */ = {
			isa = PBXGroup;
			children = (
				3D26B4AB2B53DAC7008D8B53 /* Entities */,
				3D26B4AD2B53DADF008D8B53 /* Interfaces */,
				3D26B4AC2B53DACF008D8B53 /* UseCases */,
			);
			path = Domain;
			sourceTree = "<group>";
		};
		3D26B4AB2B53DAC7008D8B53 /* Entities */ = {
			isa = PBXGroup;
			children = (
				3DF4A2C52B5266BF000C3108 /* RMCharacter.swift */,
				3D26B4DC2B53F58D008D8B53 /* RMCharacterLocation.swift */,
				3D26B4DA2B53F583008D8B53 /* RMCharacterOrigin.swift */,
				3DF4A2CC2B526DF1000C3108 /* RMEpisode.swift */,
			);
			path = Entities;
			sourceTree = "<group>";
		};
		3D26B4AC2B53DACF008D8B53 /* UseCases */ = {
			isa = PBXGroup;
			children = (
				3DBCB79C2B554AEE00BD3306 /* FetchRMCharactersUseCase.swift */,
				3D26B4D42B53F0E9008D8B53 /* FetchRMCharacterUseCase.swift */,
				3D26B4D62B53F3EB008D8B53 /* FetchRMEpisodesUseCase.swift */,
				3D26B4D82B53F3FF008D8B53 /* FetchRMEpisodeUseCase.swift */,
				3D26B4BC2B53E0FB008D8B53 /* FilterRMCharactersUseCase.swift */,
			);
			path = UseCases;
			sourceTree = "<group>";
		};
		3D26B4AD2B53DADF008D8B53 /* Interfaces */ = {
			isa = PBXGroup;
			children = (
				3D26B4AE2B53DAEE008D8B53 /* Repositories */,
			);
			path = Interfaces;
			sourceTree = "<group>";
		};
		3D26B4AE2B53DAEE008D8B53 /* Repositories */ = {
			isa = PBXGroup;
			children = (
				3D26B4C02B53E13B008D8B53 /* RMCharactersRepository.swift */,
				3D26B4CF2B53ED7C008D8B53 /* RMEpisodesRepository.swift */,
				3D26B4CD2B53EB47008D8B53 /* RMPosterImagesRepository.swift */,
			);
			path = Repositories;
			sourceTree = "<group>";
		};
		3D26B4AF2B53DB06008D8B53 /* Presentation */ = {
			isa = PBXGroup;
			children = (
				3D26B4C22B53E18D008D8B53 /* CharactersScene */,
				3DBCB7A92B55591F00BD3306 /* Utils */,
			);
			path = Presentation;
			sourceTree = "<group>";
		};
		3D26B4B02B53DB2E008D8B53 /* CharactersList */ = {
			isa = PBXGroup;
			children = (
				3D26B4B52B53DBAA008D8B53 /* ViewModels */,
				3D26B4B42B53DBA5008D8B53 /* Views */,
			);
			path = CharactersList;
			sourceTree = "<group>";
		};
		3D26B4B12B53DB72008D8B53 /* CharacterDetails */ = {
			isa = PBXGroup;
			children = (
				3D26B4B22B53DB93008D8B53 /* ViewModels */,
				3D26B4B32B53DB9D008D8B53 /* Views */,
			);
			path = CharacterDetails;
			sourceTree = "<group>";
		};
		3D26B4B22B53DB93008D8B53 /* ViewModels */ = {
			isa = PBXGroup;
			children = (
				3DBCB7AC2B555A1500BD3306 /* CharacterDetailsViewModel.swift */,
			);
			path = ViewModels;
			sourceTree = "<group>";
		};
		3D26B4B32B53DB9D008D8B53 /* Views */ = {
			isa = PBXGroup;
			children = (
				3DBCB7AE2B555A2C00BD3306 /* CharacterDetailsViewController.swift */,
			);
			path = Views;
			sourceTree = "<group>";
		};
		3D26B4B42B53DBA5008D8B53 /* Views */ = {
			isa = PBXGroup;
			children = (
				3DBCB7A72B5558B900BD3306 /* CharactersListViewController.swift */,
				3DBCB7CB2B55977800BD3306 /* CharactersListTableViewController.swift */,
				3DBCB7BF2B556BC000BD3306 /* Cells */,
			);
			path = Views;
			sourceTree = "<group>";
		};
		3D26B4B52B53DBAA008D8B53 /* ViewModels */ = {
			isa = PBXGroup;
			children = (
				3DBCB7A12B5550C400BD3306 /* CharactersListViewModel.swift */,
				3DBCB7BC2B556B1900BD3306 /* CharactersListItemViewModel.swift */,
			);
			path = ViewModels;
			sourceTree = "<group>";
		};
		3D26B4B62B53DBB4008D8B53 /* Data */ = {
			isa = PBXGroup;
			children = (
				3D26B4B72B53DBBC008D8B53 /* Repositories */,
				3D26B4DE2B53F7A9008D8B53 /* Network */,
				3D26B4B92B53DBCA008D8B53 /* PersistentStorages */,
			);
			path = Data;
			sourceTree = "<group>";
		};
		3D26B4B72B53DBBC008D8B53 /* Repositories */ = {
			isa = PBXGroup;
			children = (
				3D26B4C32B53E1DA008D8B53 /* DefaultRMCharactersRepository.swift */,
				3DDFF6062B5425E800136E70 /* DefaultRMEpisodesRepository.swift */,
				3D26B4F32B5405DF008D8B53 /* DefaultRMPosterImagesRepository.swift */,
				3D26B4EE2B540437008D8B53 /* Utils */,
			);
			path = Repositories;
			sourceTree = "<group>";
		};
		3D26B4B92B53DBCA008D8B53 /* PersistentStorages */ = {
			isa = PBXGroup;
			children = (
				3D26B4C72B53E243008D8B53 /* CoreDataStorage */,
				3DEF01CF2B543F7200DD587B /* RMCharacterResponseStorage */,
				3D26B4F52B54064E008D8B53 /* RMCharactersPageResponseStorage */,
				3DEF01DD2B54495A00DD587B /* RMCharactersResponseStorage */,
				3DEF01D02B543FA300DD587B /* RMEpisodeResponseStorage */,
				3DDFF6082B54299500136E70 /* RMEpisodesResponseStorage */,
			);
			path = PersistentStorages;
			sourceTree = "<group>";
		};
		3D26B4BA2B53DBDE008D8B53 /* Infrastrcture */ = {
			isa = PBXGroup;
			children = (
				3D26B4BB2B53DBEF008D8B53 /* Network */,
			);
			path = Infrastrcture;
			sourceTree = "<group>";
		};
		3D26B4BB2B53DBEF008D8B53 /* Network */ = {
			isa = PBXGroup;
			children = (
				3D26B4E42B540202008D8B53 /* DataTransferService.swift */,
				3D26B4E72B540256008D8B53 /* Endpoint.swift */,
				3D26B4E92B54027D008D8B53 /* NetworkConfig.swift */,
				3D26B4EB2B5402BC008D8B53 /* NetworkService.swift */,
			);
			path = Network;
			sourceTree = "<group>";
		};
		3D26B4C22B53E18D008D8B53 /* CharactersScene */ = {
			isa = PBXGroup;
			children = (
				3DBCB79E2B554E9100BD3306 /* Flows */,
				3D26B4B12B53DB72008D8B53 /* CharacterDetails */,
				3D26B4B02B53DB2E008D8B53 /* CharactersList */,
				3DBCB7D72B559FBC00BD3306 /* Behaviors */,
			);
			path = CharactersScene;
			sourceTree = "<group>";
		};
		3D26B4C72B53E243008D8B53 /* CoreDataStorage */ = {
			isa = PBXGroup;
			children = (
				3D26B4FB2B5406CA008D8B53 /* CoreDataStorage.swift */,
				3DBED83A2B503CA8000753B6 /* CoreDataStorage.xcdatamodeld */,
			);
			path = CoreDataStorage;
			sourceTree = "<group>";
		};
		3D26B4CA2B53EA61008D8B53 /* Common */ = {
			isa = PBXGroup;
			children = (
				3D26B4CB2B53EA73008D8B53 /* Cancellable.swift */,
				3DBCB7A52B55540500BD3306 /* ConnectionError.swift */,
				3DBCB7A32B55534600BD3306 /* DispatchQueueType.swift */,
			);
			path = Common;
			sourceTree = "<group>";
		};
		3D26B4DE2B53F7A9008D8B53 /* Network */ = {
			isa = PBXGroup;
			children = (
				3D26B4F12B540489008D8B53 /* APIEndpoints.swift */,
				3D26B4E12B53F7D2008D8B53 /* DataMapping */,
			);
			path = Network;
			sourceTree = "<group>";
		};
		3D26B4E12B53F7D2008D8B53 /* DataMapping */ = {
			isa = PBXGroup;
			children = (
				3DEF01D52B54411800DD587B /* RMCharacterRequestDTO+Mapping.swift */,
				3DEF01E02B544A0800DD587B /* RMCharactersPageRequestDto+Mapping.swift */,
				3D26B4E22B53F7F5008D8B53 /* RMCharactersPageResponseDTO+Mapping.swift */,
				3D26B4DF2B53F7CB008D8B53 /* RMCharactersRequestDTO+Mapping.swift */,
				3DDFF60B2B542A6100136E70 /* RMEpisodeDTO+Mapping.swift */,
				3DEF01D72B54415600DD587B /* RMEpisodeRequestDTO+Mapping.swift */,
				3DDFF6112B54301600136E70 /* RMEpisodesRequestDTO+Mapping.swift */,
			);
			path = DataMapping;
			sourceTree = "<group>";
		};
		3D26B4EE2B540437008D8B53 /* Utils */ = {
			isa = PBXGroup;
			children = (
				3D26B4EF2B540444008D8B53 /* RepositoryTask.swift */,
			);
			path = Utils;
			sourceTree = "<group>";
		};
		3D26B4F52B54064E008D8B53 /* RMCharactersPageResponseStorage */ = {
			isa = PBXGroup;
			children = (
				3D26B4F62B540681008D8B53 /* CoreDataRMCharactersPageResponseStorage.swift */,
				3D26B4C52B53E23E008D8B53 /* RMCharactersPageResponseStorage.swift */,
				3D26B4F82B540690008D8B53 /* EntityMapping */,
			);
			path = RMCharactersPageResponseStorage;
			sourceTree = "<group>";
		};
		3D26B4F82B540690008D8B53 /* EntityMapping */ = {
			isa = PBXGroup;
			children = (
				3D26B4F92B5406A7008D8B53 /* RMCharactersPageResponseEntity+Mapping.swift */,
			);
			path = EntityMapping;
			sourceTree = "<group>";
		};
		3DBCB7972B55475E00BD3306 /* DIContainer */ = {
			isa = PBXGroup;
			children = (
				3DBCB7982B55477A00BD3306 /* AppDIContainer.swift */,
				3DBCB79A2B5547AE00BD3306 /* CharactersSceneDIContainer.swift */,
			);
			path = DIContainer;
			sourceTree = "<group>";
		};
		3DBCB79E2B554E9100BD3306 /* Flows */ = {
			isa = PBXGroup;
			children = (
				3DBCB79F2B554EA200BD3306 /* CharactersFilterFlowCoordinator.swift */,
			);
			path = Flows;
			sourceTree = "<group>";
		};
		3DBCB7A92B55591F00BD3306 /* Utils */ = {
			isa = PBXGroup;
			children = (
				3DDA5D482B56B94500D8A5C7 /* Helpers */,
				3DBCB7B32B555DAB00BD3306 /* Extensions */,
				3DBCB7B22B555D9F00BD3306 /* Protocols */,
				3DBCB7CF2B559CB800BD3306 /* AccessibilityIdentifier.swift */,
				3DBCB7D32B559E6C00BD3306 /* LoadinView.swift */,
			);
			path = Utils;
			sourceTree = "<group>";
		};
		3DBCB7B22B555D9F00BD3306 /* Protocols */ = {
			isa = PBXGroup;
			children = (
				3DBCB7D12B559DBF00BD3306 /* Alertable.swift */,
			);
			path = Protocols;
			sourceTree = "<group>";
		};
		3DBCB7B32B555DAB00BD3306 /* Extensions */ = {
			isa = PBXGroup;
			children = (
				3DBCB7DE2B55A19300BD3306 /* DataTransferError+Extensions.swift */,
				3DDA5D462B56A4B800D8A5C7 /* String+Extensions.swift */,
				3DBCB7DC2B55A10500BD3306 /* UITableViewController+Extensions.swift */,
				3DBCB7C42B556E6800BD3306 /* UIView+Extensions.swift */,
				3DBCB7D52B559F9800BD3306 /* UIViewController+Extensions.swift */,
				3D4ABFA92B57E5F100CCFAAA /* Collection+Extensions.swift */,
			);
			path = Extensions;
			sourceTree = "<group>";
		};
		3DBCB7BF2B556BC000BD3306 /* Cells */ = {
			isa = PBXGroup;
			children = (
				3DBCB7C02B556BD300BD3306 /* CharactersListTableViewCell.swift */,
			);
			path = Cells;
			sourceTree = "<group>";
		};
		3DBCB7D72B559FBC00BD3306 /* Behaviors */ = {
			isa = PBXGroup;
			children = (
				3DBCB7D82B559FDB00BD3306 /* BackButtonEmptyTitleNavigationBarBehavior.swift */,
				3DBCB7DA2B559FF000BD3306 /* BlackStyleNavigationBarBehavior.swift */,
			);
			path = Behaviors;
			sourceTree = "<group>";
		};
		3DBED8252B503CA8000753B6 = {
			isa = PBXGroup;
			children = (
				3DBED8302B503CA8000753B6 /* RickAndMortyWiki */,
				3DBED84A2B503CA9000753B6 /* RickAndMortyWikiTests */,
				3DBED8542B503CA9000753B6 /* RickAndMortyWikiUITests */,
				3DBED82F2B503CA8000753B6 /* Products */,
			);
			sourceTree = "<group>";
		};
		3DBED82F2B503CA8000753B6 /* Products */ = {
			isa = PBXGroup;
			children = (
				3DBED82E2B503CA8000753B6 /* RickAndMortyWiki.app */,
				3DBED8472B503CA9000753B6 /* RickAndMortyWikiTests.xctest */,
				3DBED8512B503CA9000753B6 /* RickAndMortyWikiUITests.xctest */,
			);
			name = Products;
			sourceTree = "<group>";
		};
		3DBED8302B503CA8000753B6 /* RickAndMortyWiki */ = {
			isa = PBXGroup;
			children = (
				3D26B4A92B53D7F3008D8B53 /* Application */,
				3D26B4AF2B53DB06008D8B53 /* Presentation */,
				3D26B4AA2B53DAC1008D8B53 /* Domain */,
				3D26B4B62B53DBB4008D8B53 /* Data */,
				3D26B4BA2B53DBDE008D8B53 /* Infrastrcture */,
				3D26B4CA2B53EA61008D8B53 /* Common */,
				3D26B4A82B53D7B9008D8B53 /* Resources */,
			);
			path = RickAndMortyWiki;
			sourceTree = "<group>";
		};
		3DBED84A2B503CA9000753B6 /* RickAndMortyWikiTests */ = {
			isa = PBXGroup;
			children = (
			);
			path = RickAndMortyWikiTests;
			sourceTree = "<group>";
		};
		3DBED8542B503CA9000753B6 /* RickAndMortyWikiUITests */ = {
			isa = PBXGroup;
			children = (
				3DBED8552B503CA9000753B6 /* RickAndMortyWikiUITests.swift */,
				3DBED8572B503CA9000753B6 /* RickAndMortyWikiUITestsLaunchTests.swift */,
			);
			path = RickAndMortyWikiUITests;
			sourceTree = "<group>";
		};
		3DDA5D482B56B94500D8A5C7 /* Helpers */ = {
			isa = PBXGroup;
			children = (
				3DDA5D4B2B56BA9500D8A5C7 /* ColorHelper.swift */,
				3DDA5D562B56D36C00D8A5C7 /* FontHelper.swift */,
				3DDA5D492B56B95200D8A5C7 /* ImageHelper.swift */,
				3D4ABFA72B57A05E00CCFAAA /* StringHelper.swift */,
			);
			path = Helpers;
			sourceTree = "<group>";
		};
		3DDA5D4F2B56D2AC00D8A5C7 /* Fonts */ = {
			isa = PBXGroup;
			children = (
				3DDA5D522B56D2D800D8A5C7 /* Lato-Bold.ttf */,
				3DDA5D512B56D2D800D8A5C7 /* Lato-Medium.ttf */,
				3DDA5D502B56D2D800D8A5C7 /* Lato-Regular.ttf */,
			);
			path = Fonts;
			sourceTree = "<group>";
		};
		3DDFF6082B54299500136E70 /* RMEpisodesResponseStorage */ = {
			isa = PBXGroup;
			children = (
				3DDFF60D2B542C8700136E70 /* CoreDataRMEpisodesResponseStorage.swift */,
				3DDFF6092B5429A200136E70 /* RMEpisodesResponseStorage.swift */,
				3DEF01E22B544C5F00DD587B /* EntityMapping */,
			);
			path = RMEpisodesResponseStorage;
			sourceTree = "<group>";
		};
		3DEF01CF2B543F7200DD587B /* RMCharacterResponseStorage */ = {
			isa = PBXGroup;
			children = (
				3DEF01EB2B54565D00DD587B /* CoreDataRMCharacterResponseStorage.swift */,
				3DEF01D32B543FE600DD587B /* RMCharacterResponseStorage.swift */,
				3DEF01E82B5455F600DD587B /* EntityMapping */,
			);
			path = RMCharacterResponseStorage;
			sourceTree = "<group>";
		};
		3DEF01D02B543FA300DD587B /* RMEpisodeResponseStorage */ = {
			isa = PBXGroup;
			children = (
				3DEF01EE2B54567300DD587B /* CoreDataRMEpisodeResponseStorage.swift */,
				3DEF01D12B543FC900DD587B /* RMEpisodeResponseStorage.swift */,
				3DEF01ED2B54566300DD587B /* EntityMapping */,
			);
			path = RMEpisodeResponseStorage;
			sourceTree = "<group>";
		};
		3DEF01DD2B54495A00DD587B /* RMCharactersResponseStorage */ = {
			isa = PBXGroup;
			children = (
				3DEF01E42B5450A900DD587B /* CoreDataRMCharactersResponseStorage.swift */,
				3DEF01DE2B54496D00DD587B /* RMCharactersResponseStorage.swift */,
				3DEF01E32B54509000DD587B /* EntityMapping */,
			);
			path = RMCharactersResponseStorage;
			sourceTree = "<group>";
		};
		3DEF01E22B544C5F00DD587B /* EntityMapping */ = {
			isa = PBXGroup;
			children = (
				3DEF01CD2B54374300DD587B /* RMEpisodesResponseEntity+Mapping.swift */,
			);
			path = EntityMapping;
			sourceTree = "<group>";
		};
		3DEF01E32B54509000DD587B /* EntityMapping */ = {
			isa = PBXGroup;
			children = (
				3DEF01E62B5450BF00DD587B /* RMCharactersResponseEntity+Mapping.swift */,
			);
			path = EntityMapping;
			sourceTree = "<group>";
		};
		3DEF01E82B5455F600DD587B /* EntityMapping */ = {
			isa = PBXGroup;
			children = (
				3DEF01E92B54563400DD587B /* RMCharacterResponseEntity+Mapping.swift */,
			);
			path = EntityMapping;
			sourceTree = "<group>";
		};
		3DEF01ED2B54566300DD587B /* EntityMapping */ = {
			isa = PBXGroup;
			children = (
				3DEF01F02B54568A00DD587B /* RMEpisodeResponseEntity+Mapping.swift */,
			);
			path = EntityMapping;
			sourceTree = "<group>";
		};
/* End PBXGroup section */

/* Begin PBXNativeTarget section */
		3DBED82D2B503CA8000753B6 /* RickAndMortyWiki */ = {
			isa = PBXNativeTarget;
			buildConfigurationList = 3DBED85B2B503CA9000753B6 /* Build configuration list for PBXNativeTarget "RickAndMortyWiki" */;
			buildPhases = (
				3DBED82A2B503CA8000753B6 /* Sources */,
				3DBED82B2B503CA8000753B6 /* Frameworks */,
				3DBED82C2B503CA8000753B6 /* Resources */,
			);
			buildRules = (
			);
			dependencies = (
			);
			name = RickAndMortyWiki;
			productName = RickAndMortyWiki;
			productReference = 3DBED82E2B503CA8000753B6 /* RickAndMortyWiki.app */;
			productType = "com.apple.product-type.application";
		};
		3DBED8462B503CA9000753B6 /* RickAndMortyWikiTests */ = {
			isa = PBXNativeTarget;
			buildConfigurationList = 3DBED85E2B503CA9000753B6 /* Build configuration list for PBXNativeTarget "RickAndMortyWikiTests" */;
			buildPhases = (
				3DBED8432B503CA9000753B6 /* Sources */,
				3DBED8442B503CA9000753B6 /* Frameworks */,
				3DBED8452B503CA9000753B6 /* Resources */,
			);
			buildRules = (
			);
			dependencies = (
				3DBED8492B503CA9000753B6 /* PBXTargetDependency */,
			);
			name = RickAndMortyWikiTests;
			productName = RickAndMortyWikiTests;
			productReference = 3DBED8472B503CA9000753B6 /* RickAndMortyWikiTests.xctest */;
			productType = "com.apple.product-type.bundle.unit-test";
		};
		3DBED8502B503CA9000753B6 /* RickAndMortyWikiUITests */ = {
			isa = PBXNativeTarget;
			buildConfigurationList = 3DBED8612B503CA9000753B6 /* Build configuration list for PBXNativeTarget "RickAndMortyWikiUITests" */;
			buildPhases = (
				3DBED84D2B503CA9000753B6 /* Sources */,
				3DBED84E2B503CA9000753B6 /* Frameworks */,
				3DBED84F2B503CA9000753B6 /* Resources */,
			);
			buildRules = (
			);
			dependencies = (
				3DBED8532B503CA9000753B6 /* PBXTargetDependency */,
			);
			name = RickAndMortyWikiUITests;
			productName = RickAndMortyWikiUITests;
			productReference = 3DBED8512B503CA9000753B6 /* RickAndMortyWikiUITests.xctest */;
			productType = "com.apple.product-type.bundle.ui-testing";
		};
/* End PBXNativeTarget section */

/* Begin PBXProject section */
		3DBED8262B503CA8000753B6 /* Project object */ = {
			isa = PBXProject;
			attributes = {
				BuildIndependentTargetsInParallel = 1;
				LastSwiftUpdateCheck = 1500;
				LastUpgradeCheck = 1500;
				TargetAttributes = {
					3DBED82D2B503CA8000753B6 = {
						CreatedOnToolsVersion = 15.0.1;
					};
					3DBED8462B503CA9000753B6 = {
						CreatedOnToolsVersion = 15.0.1;
						TestTargetID = 3DBED82D2B503CA8000753B6;
					};
					3DBED8502B503CA9000753B6 = {
						CreatedOnToolsVersion = 15.0.1;
						TestTargetID = 3DBED82D2B503CA8000753B6;
					};
				};
			};
			buildConfigurationList = 3DBED8292B503CA8000753B6 /* Build configuration list for PBXProject "RickAndMortyWiki" */;
			compatibilityVersion = "Xcode 14.0";
			developmentRegion = en;
			hasScannedForEncodings = 0;
			knownRegions = (
				Base,
				es,
				en,
			);
			mainGroup = 3DBED8252B503CA8000753B6;
			productRefGroup = 3DBED82F2B503CA8000753B6 /* Products */;
			projectDirPath = "";
			projectRoot = "";
			targets = (
				3DBED82D2B503CA8000753B6 /* RickAndMortyWiki */,
				3DBED8462B503CA9000753B6 /* RickAndMortyWikiTests */,
				3DBED8502B503CA9000753B6 /* RickAndMortyWikiUITests */,
			);
		};
/* End PBXProject section */

/* Begin PBXResourcesBuildPhase section */
		3DBED82C2B503CA8000753B6 /* Resources */ = {
			isa = PBXResourcesBuildPhase;
			buildActionMask = 2147483647;
			files = (
				3DDA5D542B56D2F500D8A5C7 /* Lato-Medium.ttf in Resources */,
				3DDA5D552B56D2F700D8A5C7 /* Lato-Regular.ttf in Resources */,
				3DBED8412B503CA9000753B6 /* LaunchScreen.storyboard in Resources */,
				3DBCB7BB2B555FFA00BD3306 /* Localizable.xcstrings in Resources */,
				3DBED83E2B503CA9000753B6 /* Assets.xcassets in Resources */,
				3DDA5D532B56D2F300D8A5C7 /* Lato-Bold.ttf in Resources */,
			);
			runOnlyForDeploymentPostprocessing = 0;
		};
		3DBED8452B503CA9000753B6 /* Resources */ = {
			isa = PBXResourcesBuildPhase;
			buildActionMask = 2147483647;
			files = (
			);
			runOnlyForDeploymentPostprocessing = 0;
		};
		3DBED84F2B503CA9000753B6 /* Resources */ = {
			isa = PBXResourcesBuildPhase;
			buildActionMask = 2147483647;
			files = (
			);
			runOnlyForDeploymentPostprocessing = 0;
		};
/* End PBXResourcesBuildPhase section */

/* Begin PBXSourcesBuildPhase section */
		3DBED82A2B503CA8000753B6 /* Sources */ = {
			isa = PBXSourcesBuildPhase;
			buildActionMask = 2147483647;
			files = (
				3DEF01E72B5450BF00DD587B /* RMCharactersResponseEntity+Mapping.swift in Sources */,
				3DBED83C2B503CA8000753B6 /* CoreDataStorage.xcdatamodeld in Sources */,
				3DBCB7D62B559F9800BD3306 /* UIViewController+Extensions.swift in Sources */,
				3DEF01E52B5450A900DD587B /* CoreDataRMCharactersResponseStorage.swift in Sources */,
				3D26B4C42B53E1DA008D8B53 /* DefaultRMCharactersRepository.swift in Sources */,
				3D26B4C62B53E23E008D8B53 /* RMCharactersPageResponseStorage.swift in Sources */,
				3D26B4CE2B53EB47008D8B53 /* RMPosterImagesRepository.swift in Sources */,
				3D26B4D02B53ED7C008D8B53 /* RMEpisodesRepository.swift in Sources */,
				3D26B4E02B53F7CB008D8B53 /* RMCharactersRequestDTO+Mapping.swift in Sources */,
				3DBCB7D92B559FDB00BD3306 /* BackButtonEmptyTitleNavigationBarBehavior.swift in Sources */,
				3D26B4E32B53F7F5008D8B53 /* RMCharactersPageResponseDTO+Mapping.swift in Sources */,
				3DBCB79D2B554AEE00BD3306 /* FetchRMCharactersUseCase.swift in Sources */,
				3DBCB7AF2B555A2C00BD3306 /* CharacterDetailsViewController.swift in Sources */,
				3DEF01D62B54411800DD587B /* RMCharacterRequestDTO+Mapping.swift in Sources */,
				3DEF01F12B54568A00DD587B /* RMEpisodeResponseEntity+Mapping.swift in Sources */,
				3DBCB7992B55477A00BD3306 /* AppDIContainer.swift in Sources */,
				3D26B4FC2B5406CA008D8B53 /* CoreDataStorage.swift in Sources */,
				3D26B4F72B540681008D8B53 /* CoreDataRMCharactersPageResponseStorage.swift in Sources */,
				3DEF01D82B54415600DD587B /* RMEpisodeRequestDTO+Mapping.swift in Sources */,
				3DF4A2CD2B526DF1000C3108 /* RMEpisode.swift in Sources */,
				3DBCB7C52B556E6800BD3306 /* UIView+Extensions.swift in Sources */,
				3DBCB7A42B55534600BD3306 /* DispatchQueueType.swift in Sources */,
				3DBCB7922B553F4900BD3306 /* AppAppearance.swift in Sources */,
				3DBCB7DD2B55A10500BD3306 /* UITableViewController+Extensions.swift in Sources */,
				3D26B4BD2B53E0FB008D8B53 /* FilterRMCharactersUseCase.swift in Sources */,
				3D26B4D92B53F3FF008D8B53 /* FetchRMEpisodeUseCase.swift in Sources */,
				3DBCB7A62B55540500BD3306 /* ConnectionError.swift in Sources */,
				3DDFF60C2B542A6100136E70 /* RMEpisodeDTO+Mapping.swift in Sources */,
				3DBED8322B503CA8000753B6 /* AppDelegate.swift in Sources */,
				3D26B4E52B540202008D8B53 /* DataTransferService.swift in Sources */,
				3D26B4DB2B53F583008D8B53 /* RMCharacterOrigin.swift in Sources */,
				3DDA5D472B56A4B800D8A5C7 /* String+Extensions.swift in Sources */,
				3DEF01DF2B54496D00DD587B /* RMCharactersResponseStorage.swift in Sources */,
				3DEF01E12B544A0800DD587B /* RMCharactersPageRequestDto+Mapping.swift in Sources */,
				3D26B4EA2B54027D008D8B53 /* NetworkConfig.swift in Sources */,
				3D26B4EC2B5402BC008D8B53 /* NetworkService.swift in Sources */,
				3D26B4CC2B53EA73008D8B53 /* Cancellable.swift in Sources */,
				3D26B4C12B53E13B008D8B53 /* RMCharactersRepository.swift in Sources */,
				3DBCB7A82B5558B900BD3306 /* CharactersListViewController.swift in Sources */,
				3D26B4F42B5405DF008D8B53 /* DefaultRMPosterImagesRepository.swift in Sources */,
				3DF4A2C62B5266BF000C3108 /* RMCharacter.swift in Sources */,
				3DBCB7D42B559E6C00BD3306 /* LoadinView.swift in Sources */,
				3DBCB7DF2B55A19300BD3306 /* DataTransferError+Extensions.swift in Sources */,
				3DBCB7CC2B55977800BD3306 /* CharactersListTableViewController.swift in Sources */,
				3DBCB7D02B559CB800BD3306 /* AccessibilityIdentifier.swift in Sources */,
				3D26B4D52B53F0E9008D8B53 /* FetchRMCharacterUseCase.swift in Sources */,
				3D4ABFA82B57A05E00CCFAAA /* StringHelper.swift in Sources */,
				3DBED8342B503CA8000753B6 /* SceneDelegate.swift in Sources */,
				3DDFF60A2B5429A200136E70 /* RMEpisodesResponseStorage.swift in Sources */,
				3DBCB79B2B5547AE00BD3306 /* CharactersSceneDIContainer.swift in Sources */,
				3DEF01CE2B54374300DD587B /* RMEpisodesResponseEntity+Mapping.swift in Sources */,
				3DBCB7942B5540EC00BD3306 /* AppConfigurations.swift in Sources */,
				3D26B4DD2B53F58D008D8B53 /* RMCharacterLocation.swift in Sources */,
				3DDFF6072B5425E800136E70 /* DefaultRMEpisodesRepository.swift in Sources */,
				3DBCB7A02B554EA200BD3306 /* CharactersFilterFlowCoordinator.swift in Sources */,
				3DBCB7BD2B556B1900BD3306 /* CharactersListItemViewModel.swift in Sources */,
				3D26B4F22B540489008D8B53 /* APIEndpoints.swift in Sources */,
				3DBCB7C12B556BD300BD3306 /* CharactersListTableViewCell.swift in Sources */,
				3DEF01D42B543FE600DD587B /* RMCharacterResponseStorage.swift in Sources */,
				3D4ABFAA2B57E5F100CCFAAA /* Collection+Extensions.swift in Sources */,
				3DDA5D572B56D36C00D8A5C7 /* FontHelper.swift in Sources */,
				3DDA5D4C2B56BA9500D8A5C7 /* ColorHelper.swift in Sources */,
				3DEF01EC2B54565D00DD587B /* CoreDataRMCharacterResponseStorage.swift in Sources */,
				3DBCB7DB2B559FF000BD3306 /* BlackStyleNavigationBarBehavior.swift in Sources */,
				3DBCB7A22B5550C400BD3306 /* CharactersListViewModel.swift in Sources */,
				3D26B4FA2B5406A7008D8B53 /* RMCharactersPageResponseEntity+Mapping.swift in Sources */,
				3D26B4D72B53F3EB008D8B53 /* FetchRMEpisodesUseCase.swift in Sources */,
				3DBCB7962B55431C00BD3306 /* AppFlowCoordinator.swift in Sources */,
				3DDFF60E2B542C8700136E70 /* CoreDataRMEpisodesResponseStorage.swift in Sources */,
				3DBCB7AD2B555A1500BD3306 /* CharacterDetailsViewModel.swift in Sources */,
				3DEF01D22B543FC900DD587B /* RMEpisodeResponseStorage.swift in Sources */,
				3DBCB7D22B559DBF00BD3306 /* Alertable.swift in Sources */,
				3DEF01EF2B54567300DD587B /* CoreDataRMEpisodeResponseStorage.swift in Sources */,
				3D26B4E82B540256008D8B53 /* Endpoint.swift in Sources */,
				3DDFF6122B54301600136E70 /* RMEpisodesRequestDTO+Mapping.swift in Sources */,
				3DEF01EA2B54563400DD587B /* RMCharacterResponseEntity+Mapping.swift in Sources */,
				3D26B4F02B540444008D8B53 /* RepositoryTask.swift in Sources */,
				3DDA5D4A2B56B95200D8A5C7 /* ImageHelper.swift in Sources */,
			);
			runOnlyForDeploymentPostprocessing = 0;
		};
		3DBED8432B503CA9000753B6 /* Sources */ = {
			isa = PBXSourcesBuildPhase;
			buildActionMask = 2147483647;
			files = (
			);
			runOnlyForDeploymentPostprocessing = 0;
		};
		3DBED84D2B503CA9000753B6 /* Sources */ = {
			isa = PBXSourcesBuildPhase;
			buildActionMask = 2147483647;
			files = (
				3DBED8562B503CA9000753B6 /* RickAndMortyWikiUITests.swift in Sources */,
				3DBED8582B503CA9000753B6 /* RickAndMortyWikiUITestsLaunchTests.swift in Sources */,
			);
			runOnlyForDeploymentPostprocessing = 0;
		};
/* End PBXSourcesBuildPhase section */

/* Begin PBXTargetDependency section */
		3DBED8492B503CA9000753B6 /* PBXTargetDependency */ = {
			isa = PBXTargetDependency;
			target = 3DBED82D2B503CA8000753B6 /* RickAndMortyWiki */;
			targetProxy = 3DBED8482B503CA9000753B6 /* PBXContainerItemProxy */;
		};
		3DBED8532B503CA9000753B6 /* PBXTargetDependency */ = {
			isa = PBXTargetDependency;
			target = 3DBED82D2B503CA8000753B6 /* RickAndMortyWiki */;
			targetProxy = 3DBED8522B503CA9000753B6 /* PBXContainerItemProxy */;
		};
/* End PBXTargetDependency section */

/* Begin PBXVariantGroup section */
		3DBED83F2B503CA9000753B6 /* LaunchScreen.storyboard */ = {
			isa = PBXVariantGroup;
			children = (
				3DBED8402B503CA9000753B6 /* Base */,
			);
			name = LaunchScreen.storyboard;
			sourceTree = "<group>";
		};
/* End PBXVariantGroup section */

/* Begin XCBuildConfiguration section */
		3DBED8592B503CA9000753B6 /* Debug */ = {
			isa = XCBuildConfiguration;
			buildSettings = {
				ALWAYS_SEARCH_USER_PATHS = NO;
				APP_DISPLAY_NAME = "Rick And Morty Wiki";
				ASSETCATALOG_COMPILER_GENERATE_SWIFT_ASSET_SYMBOL_EXTENSIONS = YES;
				CLANG_ANALYZER_LOCALIZABILITY_NONLOCALIZED = YES;
				CLANG_ANALYZER_NONNULL = YES;
				CLANG_ANALYZER_NUMBER_OBJECT_CONVERSION = YES_AGGRESSIVE;
				CLANG_CXX_LANGUAGE_STANDARD = "gnu++20";
				CLANG_ENABLE_MODULES = YES;
				CLANG_ENABLE_OBJC_ARC = YES;
				CLANG_ENABLE_OBJC_WEAK = YES;
				CLANG_WARN_BLOCK_CAPTURE_AUTORELEASING = YES;
				CLANG_WARN_BOOL_CONVERSION = YES;
				CLANG_WARN_COMMA = YES;
				CLANG_WARN_CONSTANT_CONVERSION = YES;
				CLANG_WARN_DEPRECATED_OBJC_IMPLEMENTATIONS = YES;
				CLANG_WARN_DIRECT_OBJC_ISA_USAGE = YES_ERROR;
				CLANG_WARN_DOCUMENTATION_COMMENTS = YES;
				CLANG_WARN_EMPTY_BODY = YES;
				CLANG_WARN_ENUM_CONVERSION = YES;
				CLANG_WARN_INFINITE_RECURSION = YES;
				CLANG_WARN_INT_CONVERSION = YES;
				CLANG_WARN_NON_LITERAL_NULL_CONVERSION = YES;
				CLANG_WARN_OBJC_IMPLICIT_RETAIN_SELF = YES;
				CLANG_WARN_OBJC_LITERAL_CONVERSION = YES;
				CLANG_WARN_OBJC_ROOT_CLASS = YES_ERROR;
				CLANG_WARN_QUOTED_INCLUDE_IN_FRAMEWORK_HEADER = YES;
				CLANG_WARN_RANGE_LOOP_ANALYSIS = YES;
				CLANG_WARN_STRICT_PROTOTYPES = YES;
				CLANG_WARN_SUSPICIOUS_MOVE = YES;
				CLANG_WARN_UNGUARDED_AVAILABILITY = YES_AGGRESSIVE;
				CLANG_WARN_UNREACHABLE_CODE = YES;
				CLANG_WARN__DUPLICATE_METHOD_MATCH = YES;
				COPY_PHASE_STRIP = NO;
				DEBUG_INFORMATION_FORMAT = dwarf;
				ENABLE_STRICT_OBJC_MSGSEND = YES;
				ENABLE_TESTABILITY = YES;
				ENABLE_USER_SCRIPT_SANDBOXING = YES;
				GCC_C_LANGUAGE_STANDARD = gnu17;
				GCC_DYNAMIC_NO_PIC = NO;
				GCC_NO_COMMON_BLOCKS = YES;
				GCC_OPTIMIZATION_LEVEL = 0;
				GCC_PREPROCESSOR_DEFINITIONS = (
					"DEBUG=1",
					"$(inherited)",
				);
				GCC_WARN_64_TO_32_BIT_CONVERSION = YES;
				GCC_WARN_ABOUT_RETURN_TYPE = YES_ERROR;
				GCC_WARN_UNDECLARED_SELECTOR = YES;
				GCC_WARN_UNINITIALIZED_AUTOS = YES_AGGRESSIVE;
				GCC_WARN_UNUSED_FUNCTION = YES;
				GCC_WARN_UNUSED_VARIABLE = YES;
				IPHONEOS_DEPLOYMENT_TARGET = 15.0;
				LOCALIZATION_PREFERS_STRING_CATALOGS = YES;
				MTL_ENABLE_DEBUG_INFO = INCLUDE_SOURCE;
				MTL_FAST_MATH = YES;
				ONLY_ACTIVE_ARCH = YES;
				SDKROOT = iphoneos;
				SWIFT_ACTIVE_COMPILATION_CONDITIONS = "DEBUG $(inherited)";
				SWIFT_OPTIMIZATION_LEVEL = "-Onone";
			};
			name = Debug;
		};
		3DBED85A2B503CA9000753B6 /* Release */ = {
			isa = XCBuildConfiguration;
			buildSettings = {
				ALWAYS_SEARCH_USER_PATHS = NO;
				APP_DISPLAY_NAME = "Rick And Morty Wiki";
				ASSETCATALOG_COMPILER_GENERATE_SWIFT_ASSET_SYMBOL_EXTENSIONS = YES;
				CLANG_ANALYZER_LOCALIZABILITY_NONLOCALIZED = YES;
				CLANG_ANALYZER_NONNULL = YES;
				CLANG_ANALYZER_NUMBER_OBJECT_CONVERSION = YES_AGGRESSIVE;
				CLANG_CXX_LANGUAGE_STANDARD = "gnu++20";
				CLANG_ENABLE_MODULES = YES;
				CLANG_ENABLE_OBJC_ARC = YES;
				CLANG_ENABLE_OBJC_WEAK = YES;
				CLANG_WARN_BLOCK_CAPTURE_AUTORELEASING = YES;
				CLANG_WARN_BOOL_CONVERSION = YES;
				CLANG_WARN_COMMA = YES;
				CLANG_WARN_CONSTANT_CONVERSION = YES;
				CLANG_WARN_DEPRECATED_OBJC_IMPLEMENTATIONS = YES;
				CLANG_WARN_DIRECT_OBJC_ISA_USAGE = YES_ERROR;
				CLANG_WARN_DOCUMENTATION_COMMENTS = YES;
				CLANG_WARN_EMPTY_BODY = YES;
				CLANG_WARN_ENUM_CONVERSION = YES;
				CLANG_WARN_INFINITE_RECURSION = YES;
				CLANG_WARN_INT_CONVERSION = YES;
				CLANG_WARN_NON_LITERAL_NULL_CONVERSION = YES;
				CLANG_WARN_OBJC_IMPLICIT_RETAIN_SELF = YES;
				CLANG_WARN_OBJC_LITERAL_CONVERSION = YES;
				CLANG_WARN_OBJC_ROOT_CLASS = YES_ERROR;
				CLANG_WARN_QUOTED_INCLUDE_IN_FRAMEWORK_HEADER = YES;
				CLANG_WARN_RANGE_LOOP_ANALYSIS = YES;
				CLANG_WARN_STRICT_PROTOTYPES = YES;
				CLANG_WARN_SUSPICIOUS_MOVE = YES;
				CLANG_WARN_UNGUARDED_AVAILABILITY = YES_AGGRESSIVE;
				CLANG_WARN_UNREACHABLE_CODE = YES;
				CLANG_WARN__DUPLICATE_METHOD_MATCH = YES;
				COPY_PHASE_STRIP = NO;
				DEBUG_INFORMATION_FORMAT = "dwarf-with-dsym";
				ENABLE_NS_ASSERTIONS = NO;
				ENABLE_STRICT_OBJC_MSGSEND = YES;
				ENABLE_USER_SCRIPT_SANDBOXING = YES;
				GCC_C_LANGUAGE_STANDARD = gnu17;
				GCC_NO_COMMON_BLOCKS = YES;
				GCC_WARN_64_TO_32_BIT_CONVERSION = YES;
				GCC_WARN_ABOUT_RETURN_TYPE = YES_ERROR;
				GCC_WARN_UNDECLARED_SELECTOR = YES;
				GCC_WARN_UNINITIALIZED_AUTOS = YES_AGGRESSIVE;
				GCC_WARN_UNUSED_FUNCTION = YES;
				GCC_WARN_UNUSED_VARIABLE = YES;
				IPHONEOS_DEPLOYMENT_TARGET = 15.0;
				LOCALIZATION_PREFERS_STRING_CATALOGS = YES;
				MTL_ENABLE_DEBUG_INFO = NO;
				MTL_FAST_MATH = YES;
				SDKROOT = iphoneos;
				SWIFT_COMPILATION_MODE = wholemodule;
				VALIDATE_PRODUCT = YES;
			};
			name = Release;
		};
		3DBED85C2B503CA9000753B6 /* Debug */ = {
			isa = XCBuildConfiguration;
			buildSettings = {
				API_BASE_URL = "https://rickandmortyapi.com/api/";
				APP_DISPLAY_NAME = "Rick&Morty";
				ASSETCATALOG_COMPILER_APPICON_NAME = AppIcon;
				ASSETCATALOG_COMPILER_GLOBAL_ACCENT_COLOR_NAME = AccentColor;
				ASSETCATALOG_COMPILER_INCLUDE_ALL_APPICON_ASSETS = YES;
				CODE_SIGN_STYLE = Automatic;
				CURRENT_PROJECT_VERSION = 1;
				DEVELOPMENT_TEAM = 5YFJP9Y83V;
				GENERATE_INFOPLIST_FILE = YES;
				IMAGE_BASE_URL = "https://rickandmortyapi.com/api/character/avatar/";
				INFOPLIST_FILE = RickAndMortyWiki/Resources/Info.plist;
				INFOPLIST_KEY_CFBundleDisplayName = "Rick&Morty";
				INFOPLIST_KEY_LSApplicationCategoryType = "public.app-category.entertainment";
				INFOPLIST_KEY_UIApplicationSupportsIndirectInputEvents = YES;
				INFOPLIST_KEY_UILaunchStoryboardName = LaunchScreen.storyboard;
				INFOPLIST_KEY_UIRequiredDeviceCapabilities = armv7;
				INFOPLIST_KEY_UIRequiresFullScreen = NO;
				INFOPLIST_KEY_UISupportedInterfaceOrientations = "UIInterfaceOrientationLandscapeLeft UIInterfaceOrientationLandscapeRight UIInterfaceOrientationPortrait UIInterfaceOrientationPortraitUpsideDown";
				IPHONEOS_DEPLOYMENT_TARGET = 15.0;
				LD_RUNPATH_SEARCH_PATHS = (
					"$(inherited)",
					"@executable_path/Frameworks",
				);
				MARKETING_VERSION = 1.0;
				PRODUCT_BUNDLE_IDENTIFIER = com.devlab.RickAndMortyWiki;
				PRODUCT_NAME = "$(TARGET_NAME)";
				SUPPORTED_PLATFORMS = "iphoneos iphonesimulator";
				SUPPORTS_MACCATALYST = NO;
				SUPPORTS_MAC_DESIGNED_FOR_IPHONE_IPAD = NO;
				SWIFT_EMIT_LOC_STRINGS = YES;
				SWIFT_VERSION = 5.0;
				TARGETED_DEVICE_FAMILY = "1,2";
			};
			name = Debug;
		};
		3DBED85D2B503CA9000753B6 /* Release */ = {
			isa = XCBuildConfiguration;
			buildSettings = {
				API_BASE_URL = "https://rickandmortyapi.com/api/";
				APP_DISPLAY_NAME = "Rick&Morty";
				ASSETCATALOG_COMPILER_APPICON_NAME = AppIcon;
				ASSETCATALOG_COMPILER_GLOBAL_ACCENT_COLOR_NAME = AccentColor;
				ASSETCATALOG_COMPILER_INCLUDE_ALL_APPICON_ASSETS = YES;
				CODE_SIGN_STYLE = Automatic;
				CURRENT_PROJECT_VERSION = 1;
				DEVELOPMENT_TEAM = 5YFJP9Y83V;
				GENERATE_INFOPLIST_FILE = YES;
				IMAGE_BASE_URL = "https://rickandmortyapi.com/api/character/avatar/";
				INFOPLIST_FILE = RickAndMortyWiki/Resources/Info.plist;
				INFOPLIST_KEY_CFBundleDisplayName = "Rick&Morty";
				INFOPLIST_KEY_LSApplicationCategoryType = "public.app-category.entertainment";
				INFOPLIST_KEY_UIApplicationSupportsIndirectInputEvents = YES;
				INFOPLIST_KEY_UILaunchStoryboardName = LaunchScreen.storyboard;
				INFOPLIST_KEY_UIRequiredDeviceCapabilities = armv7;
				INFOPLIST_KEY_UIRequiresFullScreen = NO;
				INFOPLIST_KEY_UISupportedInterfaceOrientations = "UIInterfaceOrientationLandscapeLeft UIInterfaceOrientationLandscapeRight UIInterfaceOrientationPortrait UIInterfaceOrientationPortraitUpsideDown";
				IPHONEOS_DEPLOYMENT_TARGET = 15.0;
				LD_RUNPATH_SEARCH_PATHS = (
					"$(inherited)",
					"@executable_path/Frameworks",
				);
				MARKETING_VERSION = 1.0;
				PRODUCT_BUNDLE_IDENTIFIER = com.devlab.RickAndMortyWiki;
				PRODUCT_NAME = "$(TARGET_NAME)";
				SUPPORTED_PLATFORMS = "iphoneos iphonesimulator";
				SUPPORTS_MACCATALYST = NO;
				SUPPORTS_MAC_DESIGNED_FOR_IPHONE_IPAD = NO;
				SWIFT_EMIT_LOC_STRINGS = YES;
				SWIFT_VERSION = 5.0;
				TARGETED_DEVICE_FAMILY = "1,2";
			};
			name = Release;
		};
		3DBED85F2B503CA9000753B6 /* Debug */ = {
			isa = XCBuildConfiguration;
			buildSettings = {
				ALWAYS_EMBED_SWIFT_STANDARD_LIBRARIES = YES;
				BUNDLE_LOADER = "$(TEST_HOST)";
				CODE_SIGN_STYLE = Automatic;
				CURRENT_PROJECT_VERSION = 1;
				DEVELOPMENT_TEAM = 5YFJP9Y83V;
				GENERATE_INFOPLIST_FILE = YES;
				IPHONEOS_DEPLOYMENT_TARGET = 15.0;
				MARKETING_VERSION = 1.0;
				PRODUCT_BUNDLE_IDENTIFIER = com.devlab.RickAndMortyWikiTests;
				PRODUCT_NAME = "$(TARGET_NAME)";
				SUPPORTED_PLATFORMS = "iphoneos iphonesimulator";
				SUPPORTS_MACCATALYST = NO;
				SUPPORTS_MAC_DESIGNED_FOR_IPHONE_IPAD = NO;
				SWIFT_EMIT_LOC_STRINGS = NO;
				SWIFT_VERSION = 5.0;
				TARGETED_DEVICE_FAMILY = "1,2";
				TEST_HOST = "$(BUILT_PRODUCTS_DIR)/RickAndMortyWiki.app/$(BUNDLE_EXECUTABLE_FOLDER_PATH)/RickAndMortyWiki";
			};
			name = Debug;
		};
		3DBED8602B503CA9000753B6 /* Release */ = {
			isa = XCBuildConfiguration;
			buildSettings = {
				ALWAYS_EMBED_SWIFT_STANDARD_LIBRARIES = YES;
				BUNDLE_LOADER = "$(TEST_HOST)";
				CODE_SIGN_STYLE = Automatic;
				CURRENT_PROJECT_VERSION = 1;
				DEVELOPMENT_TEAM = 5YFJP9Y83V;
				GENERATE_INFOPLIST_FILE = YES;
				IPHONEOS_DEPLOYMENT_TARGET = 15.0;
				MARKETING_VERSION = 1.0;
				PRODUCT_BUNDLE_IDENTIFIER = com.devlab.RickAndMortyWikiTests;
				PRODUCT_NAME = "$(TARGET_NAME)";
				SUPPORTED_PLATFORMS = "iphoneos iphonesimulator";
				SUPPORTS_MACCATALYST = NO;
				SUPPORTS_MAC_DESIGNED_FOR_IPHONE_IPAD = NO;
				SWIFT_EMIT_LOC_STRINGS = NO;
				SWIFT_VERSION = 5.0;
				TARGETED_DEVICE_FAMILY = "1,2";
				TEST_HOST = "$(BUILT_PRODUCTS_DIR)/RickAndMortyWiki.app/$(BUNDLE_EXECUTABLE_FOLDER_PATH)/RickAndMortyWiki";
			};
			name = Release;
		};
		3DBED8622B503CA9000753B6 /* Debug */ = {
			isa = XCBuildConfiguration;
			buildSettings = {
				ALWAYS_EMBED_SWIFT_STANDARD_LIBRARIES = YES;
				CODE_SIGN_STYLE = Automatic;
				CURRENT_PROJECT_VERSION = 1;
				DEVELOPMENT_TEAM = 5YFJP9Y83V;
				GENERATE_INFOPLIST_FILE = YES;
				IPHONEOS_DEPLOYMENT_TARGET = 15.0;
				MARKETING_VERSION = 1.0;
				PRODUCT_BUNDLE_IDENTIFIER = com.devlab.RickAndMortyWikiUITests;
				PRODUCT_NAME = "$(TARGET_NAME)";
				SUPPORTED_PLATFORMS = "iphoneos iphonesimulator";
				SUPPORTS_MACCATALYST = NO;
				SUPPORTS_MAC_DESIGNED_FOR_IPHONE_IPAD = NO;
				SWIFT_EMIT_LOC_STRINGS = NO;
				SWIFT_VERSION = 5.0;
				TARGETED_DEVICE_FAMILY = "1,2";
				TEST_TARGET_NAME = RickAndMortyWiki;
			};
			name = Debug;
		};
		3DBED8632B503CA9000753B6 /* Release */ = {
			isa = XCBuildConfiguration;
			buildSettings = {
				ALWAYS_EMBED_SWIFT_STANDARD_LIBRARIES = YES;
				CODE_SIGN_STYLE = Automatic;
				CURRENT_PROJECT_VERSION = 1;
				DEVELOPMENT_TEAM = 5YFJP9Y83V;
				GENERATE_INFOPLIST_FILE = YES;
				IPHONEOS_DEPLOYMENT_TARGET = 15.0;
				MARKETING_VERSION = 1.0;
				PRODUCT_BUNDLE_IDENTIFIER = com.devlab.RickAndMortyWikiUITests;
				PRODUCT_NAME = "$(TARGET_NAME)";
				SUPPORTED_PLATFORMS = "iphoneos iphonesimulator";
				SUPPORTS_MACCATALYST = NO;
				SUPPORTS_MAC_DESIGNED_FOR_IPHONE_IPAD = NO;
				SWIFT_EMIT_LOC_STRINGS = NO;
				SWIFT_VERSION = 5.0;
				TARGETED_DEVICE_FAMILY = "1,2";
				TEST_TARGET_NAME = RickAndMortyWiki;
			};
			name = Release;
		};
		3DBED86C2B5050EC000753B6 /* Debug-DEV */ = {
			isa = XCBuildConfiguration;
			buildSettings = {
				ALWAYS_SEARCH_USER_PATHS = NO;
				APP_DISPLAY_NAME = "Rick And Morty Wiki-DEV";
				ASSETCATALOG_COMPILER_GENERATE_SWIFT_ASSET_SYMBOL_EXTENSIONS = YES;
				CLANG_ANALYZER_LOCALIZABILITY_NONLOCALIZED = YES;
				CLANG_ANALYZER_NONNULL = YES;
				CLANG_ANALYZER_NUMBER_OBJECT_CONVERSION = YES_AGGRESSIVE;
				CLANG_CXX_LANGUAGE_STANDARD = "gnu++20";
				CLANG_ENABLE_MODULES = YES;
				CLANG_ENABLE_OBJC_ARC = YES;
				CLANG_ENABLE_OBJC_WEAK = YES;
				CLANG_WARN_BLOCK_CAPTURE_AUTORELEASING = YES;
				CLANG_WARN_BOOL_CONVERSION = YES;
				CLANG_WARN_COMMA = YES;
				CLANG_WARN_CONSTANT_CONVERSION = YES;
				CLANG_WARN_DEPRECATED_OBJC_IMPLEMENTATIONS = YES;
				CLANG_WARN_DIRECT_OBJC_ISA_USAGE = YES_ERROR;
				CLANG_WARN_DOCUMENTATION_COMMENTS = YES;
				CLANG_WARN_EMPTY_BODY = YES;
				CLANG_WARN_ENUM_CONVERSION = YES;
				CLANG_WARN_INFINITE_RECURSION = YES;
				CLANG_WARN_INT_CONVERSION = YES;
				CLANG_WARN_NON_LITERAL_NULL_CONVERSION = YES;
				CLANG_WARN_OBJC_IMPLICIT_RETAIN_SELF = YES;
				CLANG_WARN_OBJC_LITERAL_CONVERSION = YES;
				CLANG_WARN_OBJC_ROOT_CLASS = YES_ERROR;
				CLANG_WARN_QUOTED_INCLUDE_IN_FRAMEWORK_HEADER = YES;
				CLANG_WARN_RANGE_LOOP_ANALYSIS = YES;
				CLANG_WARN_STRICT_PROTOTYPES = YES;
				CLANG_WARN_SUSPICIOUS_MOVE = YES;
				CLANG_WARN_UNGUARDED_AVAILABILITY = YES_AGGRESSIVE;
				CLANG_WARN_UNREACHABLE_CODE = YES;
				CLANG_WARN__DUPLICATE_METHOD_MATCH = YES;
				COPY_PHASE_STRIP = NO;
				DEBUG_INFORMATION_FORMAT = dwarf;
				ENABLE_STRICT_OBJC_MSGSEND = YES;
				ENABLE_TESTABILITY = YES;
				ENABLE_USER_SCRIPT_SANDBOXING = YES;
				GCC_C_LANGUAGE_STANDARD = gnu17;
				GCC_DYNAMIC_NO_PIC = NO;
				GCC_NO_COMMON_BLOCKS = YES;
				GCC_OPTIMIZATION_LEVEL = 0;
				GCC_PREPROCESSOR_DEFINITIONS = (
					"DEBUG=1",
					"$(inherited)",
				);
				GCC_WARN_64_TO_32_BIT_CONVERSION = YES;
				GCC_WARN_ABOUT_RETURN_TYPE = YES_ERROR;
				GCC_WARN_UNDECLARED_SELECTOR = YES;
				GCC_WARN_UNINITIALIZED_AUTOS = YES_AGGRESSIVE;
				GCC_WARN_UNUSED_FUNCTION = YES;
				GCC_WARN_UNUSED_VARIABLE = YES;
				IPHONEOS_DEPLOYMENT_TARGET = 15.0;
				LOCALIZATION_PREFERS_STRING_CATALOGS = YES;
				MTL_ENABLE_DEBUG_INFO = INCLUDE_SOURCE;
				MTL_FAST_MATH = YES;
				ONLY_ACTIVE_ARCH = YES;
				SDKROOT = iphoneos;
				SWIFT_ACTIVE_COMPILATION_CONDITIONS = "DEBUG $(inherited)";
				SWIFT_OPTIMIZATION_LEVEL = "-Onone";
			};
			name = "Debug-DEV";
		};
		3DBED86D2B5050EC000753B6 /* Debug-DEV */ = {
			isa = XCBuildConfiguration;
			buildSettings = {
				API_BASE_URL = "https://rickandmortyapi.com/api/";
				APP_DISPLAY_NAME = "Rick&Morty Dev";
				ASSETCATALOG_COMPILER_APPICON_NAME = AppIconDev;
				ASSETCATALOG_COMPILER_GLOBAL_ACCENT_COLOR_NAME = AccentColor;
				ASSETCATALOG_COMPILER_INCLUDE_ALL_APPICON_ASSETS = YES;
				CODE_SIGN_STYLE = Automatic;
				CURRENT_PROJECT_VERSION = 1;
				DEVELOPMENT_TEAM = 5YFJP9Y83V;
				GENERATE_INFOPLIST_FILE = YES;
				IMAGE_BASE_URL = "https://rickandmortyapi.com/api/character/avatar/";
				INFOPLIST_FILE = RickAndMortyWiki/Resources/Info.plist;
				INFOPLIST_KEY_CFBundleDisplayName = "Rick&Morty";
				INFOPLIST_KEY_LSApplicationCategoryType = "public.app-category.entertainment";
				INFOPLIST_KEY_UIApplicationSupportsIndirectInputEvents = YES;
				INFOPLIST_KEY_UILaunchStoryboardName = LaunchScreen.storyboard;
				INFOPLIST_KEY_UIRequiredDeviceCapabilities = armv7;
				INFOPLIST_KEY_UIRequiresFullScreen = NO;
				INFOPLIST_KEY_UISupportedInterfaceOrientations = "UIInterfaceOrientationLandscapeLeft UIInterfaceOrientationLandscapeRight UIInterfaceOrientationPortrait UIInterfaceOrientationPortraitUpsideDown";
				IPHONEOS_DEPLOYMENT_TARGET = 15.0;
				LD_RUNPATH_SEARCH_PATHS = (
					"$(inherited)",
					"@executable_path/Frameworks",
				);
				MARKETING_VERSION = 1.0;
				PRODUCT_BUNDLE_IDENTIFIER = com.devlab.RickAndMortyWikiDev;
				PRODUCT_NAME = "$(TARGET_NAME)";
				SUPPORTED_PLATFORMS = "iphoneos iphonesimulator";
				SUPPORTS_MACCATALYST = NO;
				SUPPORTS_MAC_DESIGNED_FOR_IPHONE_IPAD = NO;
				SWIFT_EMIT_LOC_STRINGS = YES;
				SWIFT_VERSION = 5.0;
				TARGETED_DEVICE_FAMILY = "1,2";
			};
			name = "Debug-DEV";
		};
		3DBED86E2B5050EC000753B6 /* Debug-DEV */ = {
			isa = XCBuildConfiguration;
			buildSettings = {
				ALWAYS_EMBED_SWIFT_STANDARD_LIBRARIES = YES;
				BUNDLE_LOADER = "$(TEST_HOST)";
				CODE_SIGN_STYLE = Automatic;
				CURRENT_PROJECT_VERSION = 1;
				DEVELOPMENT_TEAM = 5YFJP9Y83V;
				GENERATE_INFOPLIST_FILE = YES;
				IPHONEOS_DEPLOYMENT_TARGET = 15.0;
				MARKETING_VERSION = 1.0;
				PRODUCT_BUNDLE_IDENTIFIER = com.devlab.RickAndMortyWikiTests;
				PRODUCT_NAME = "$(TARGET_NAME)";
				SUPPORTED_PLATFORMS = "iphoneos iphonesimulator";
				SUPPORTS_MACCATALYST = NO;
				SUPPORTS_MAC_DESIGNED_FOR_IPHONE_IPAD = NO;
				SWIFT_EMIT_LOC_STRINGS = NO;
				SWIFT_VERSION = 5.0;
				TARGETED_DEVICE_FAMILY = "1,2";
				TEST_HOST = "$(BUILT_PRODUCTS_DIR)/RickAndMortyWiki.app/$(BUNDLE_EXECUTABLE_FOLDER_PATH)/RickAndMortyWiki";
			};
			name = "Debug-DEV";
		};
		3DBED86F2B5050EC000753B6 /* Debug-DEV */ = {
			isa = XCBuildConfiguration;
			buildSettings = {
				ALWAYS_EMBED_SWIFT_STANDARD_LIBRARIES = YES;
				CODE_SIGN_STYLE = Automatic;
				CURRENT_PROJECT_VERSION = 1;
				DEVELOPMENT_TEAM = 5YFJP9Y83V;
				GENERATE_INFOPLIST_FILE = YES;
				IPHONEOS_DEPLOYMENT_TARGET = 15.0;
				MARKETING_VERSION = 1.0;
				PRODUCT_BUNDLE_IDENTIFIER = com.devlab.RickAndMortyWikiUITests;
				PRODUCT_NAME = "$(TARGET_NAME)";
				SUPPORTED_PLATFORMS = "iphoneos iphonesimulator";
				SUPPORTS_MACCATALYST = NO;
				SUPPORTS_MAC_DESIGNED_FOR_IPHONE_IPAD = NO;
				SWIFT_EMIT_LOC_STRINGS = NO;
				SWIFT_VERSION = 5.0;
				TARGETED_DEVICE_FAMILY = "1,2";
				TEST_TARGET_NAME = RickAndMortyWiki;
			};
			name = "Debug-DEV";
		};
		3DBED8702B5050F5000753B6 /* Releas-DEV */ = {
			isa = XCBuildConfiguration;
			buildSettings = {
				ALWAYS_SEARCH_USER_PATHS = NO;
				APP_DISPLAY_NAME = "Rick And Morty Wiki-DEV";
				ASSETCATALOG_COMPILER_GENERATE_SWIFT_ASSET_SYMBOL_EXTENSIONS = YES;
				CLANG_ANALYZER_LOCALIZABILITY_NONLOCALIZED = YES;
				CLANG_ANALYZER_NONNULL = YES;
				CLANG_ANALYZER_NUMBER_OBJECT_CONVERSION = YES_AGGRESSIVE;
				CLANG_CXX_LANGUAGE_STANDARD = "gnu++20";
				CLANG_ENABLE_MODULES = YES;
				CLANG_ENABLE_OBJC_ARC = YES;
				CLANG_ENABLE_OBJC_WEAK = YES;
				CLANG_WARN_BLOCK_CAPTURE_AUTORELEASING = YES;
				CLANG_WARN_BOOL_CONVERSION = YES;
				CLANG_WARN_COMMA = YES;
				CLANG_WARN_CONSTANT_CONVERSION = YES;
				CLANG_WARN_DEPRECATED_OBJC_IMPLEMENTATIONS = YES;
				CLANG_WARN_DIRECT_OBJC_ISA_USAGE = YES_ERROR;
				CLANG_WARN_DOCUMENTATION_COMMENTS = YES;
				CLANG_WARN_EMPTY_BODY = YES;
				CLANG_WARN_ENUM_CONVERSION = YES;
				CLANG_WARN_INFINITE_RECURSION = YES;
				CLANG_WARN_INT_CONVERSION = YES;
				CLANG_WARN_NON_LITERAL_NULL_CONVERSION = YES;
				CLANG_WARN_OBJC_IMPLICIT_RETAIN_SELF = YES;
				CLANG_WARN_OBJC_LITERAL_CONVERSION = YES;
				CLANG_WARN_OBJC_ROOT_CLASS = YES_ERROR;
				CLANG_WARN_QUOTED_INCLUDE_IN_FRAMEWORK_HEADER = YES;
				CLANG_WARN_RANGE_LOOP_ANALYSIS = YES;
				CLANG_WARN_STRICT_PROTOTYPES = YES;
				CLANG_WARN_SUSPICIOUS_MOVE = YES;
				CLANG_WARN_UNGUARDED_AVAILABILITY = YES_AGGRESSIVE;
				CLANG_WARN_UNREACHABLE_CODE = YES;
				CLANG_WARN__DUPLICATE_METHOD_MATCH = YES;
				COPY_PHASE_STRIP = NO;
				DEBUG_INFORMATION_FORMAT = "dwarf-with-dsym";
				ENABLE_NS_ASSERTIONS = NO;
				ENABLE_STRICT_OBJC_MSGSEND = YES;
				ENABLE_USER_SCRIPT_SANDBOXING = YES;
				GCC_C_LANGUAGE_STANDARD = gnu17;
				GCC_NO_COMMON_BLOCKS = YES;
				GCC_WARN_64_TO_32_BIT_CONVERSION = YES;
				GCC_WARN_ABOUT_RETURN_TYPE = YES_ERROR;
				GCC_WARN_UNDECLARED_SELECTOR = YES;
				GCC_WARN_UNINITIALIZED_AUTOS = YES_AGGRESSIVE;
				GCC_WARN_UNUSED_FUNCTION = YES;
				GCC_WARN_UNUSED_VARIABLE = YES;
				IPHONEOS_DEPLOYMENT_TARGET = 15.0;
				LOCALIZATION_PREFERS_STRING_CATALOGS = YES;
				MTL_ENABLE_DEBUG_INFO = NO;
				MTL_FAST_MATH = YES;
				SDKROOT = iphoneos;
				SWIFT_COMPILATION_MODE = wholemodule;
				VALIDATE_PRODUCT = YES;
			};
			name = "Releas-DEV";
		};
		3DBED8712B5050F5000753B6 /* Releas-DEV */ = {
			isa = XCBuildConfiguration;
			buildSettings = {
				API_BASE_URL = "https://rickandmortyapi.com/api/";
				APP_DISPLAY_NAME = "Rick&Morty Dev";
				ASSETCATALOG_COMPILER_APPICON_NAME = AppIconDev;
				ASSETCATALOG_COMPILER_GLOBAL_ACCENT_COLOR_NAME = AccentColor;
				ASSETCATALOG_COMPILER_INCLUDE_ALL_APPICON_ASSETS = YES;
				CODE_SIGN_STYLE = Automatic;
				CURRENT_PROJECT_VERSION = 1;
				DEVELOPMENT_TEAM = 5YFJP9Y83V;
				GENERATE_INFOPLIST_FILE = YES;
				IMAGE_BASE_URL = "https://rickandmortyapi.com/api/character/avatar/";
				INFOPLIST_FILE = RickAndMortyWiki/Resources/Info.plist;
				INFOPLIST_KEY_CFBundleDisplayName = "Rick&Morty";
				INFOPLIST_KEY_LSApplicationCategoryType = "public.app-category.entertainment";
				INFOPLIST_KEY_UIApplicationSupportsIndirectInputEvents = YES;
				INFOPLIST_KEY_UILaunchStoryboardName = LaunchScreen.storyboard;
				INFOPLIST_KEY_UIRequiredDeviceCapabilities = armv7;
				INFOPLIST_KEY_UIRequiresFullScreen = NO;
				INFOPLIST_KEY_UISupportedInterfaceOrientations = "UIInterfaceOrientationLandscapeLeft UIInterfaceOrientationLandscapeRight UIInterfaceOrientationPortrait UIInterfaceOrientationPortraitUpsideDown";
				IPHONEOS_DEPLOYMENT_TARGET = 15.0;
				LD_RUNPATH_SEARCH_PATHS = (
					"$(inherited)",
					"@executable_path/Frameworks",
				);
				MARKETING_VERSION = 1.0;
				PRODUCT_BUNDLE_IDENTIFIER = com.devlab.RickAndMortyWikiDev;
				PRODUCT_NAME = "$(TARGET_NAME)";
				SUPPORTED_PLATFORMS = "iphoneos iphonesimulator";
				SUPPORTS_MACCATALYST = NO;
				SUPPORTS_MAC_DESIGNED_FOR_IPHONE_IPAD = NO;
				SWIFT_EMIT_LOC_STRINGS = YES;
				SWIFT_VERSION = 5.0;
				TARGETED_DEVICE_FAMILY = "1,2";
			};
			name = "Releas-DEV";
		};
		3DBED8722B5050F5000753B6 /* Releas-DEV */ = {
			isa = XCBuildConfiguration;
			buildSettings = {
				ALWAYS_EMBED_SWIFT_STANDARD_LIBRARIES = YES;
				BUNDLE_LOADER = "$(TEST_HOST)";
				CODE_SIGN_STYLE = Automatic;
				CURRENT_PROJECT_VERSION = 1;
				DEVELOPMENT_TEAM = 5YFJP9Y83V;
				GENERATE_INFOPLIST_FILE = YES;
				IPHONEOS_DEPLOYMENT_TARGET = 15.0;
				MARKETING_VERSION = 1.0;
				PRODUCT_BUNDLE_IDENTIFIER = com.devlab.RickAndMortyWikiTests;
				PRODUCT_NAME = "$(TARGET_NAME)";
				SUPPORTED_PLATFORMS = "iphoneos iphonesimulator";
				SUPPORTS_MACCATALYST = NO;
				SUPPORTS_MAC_DESIGNED_FOR_IPHONE_IPAD = NO;
				SWIFT_EMIT_LOC_STRINGS = NO;
				SWIFT_VERSION = 5.0;
				TARGETED_DEVICE_FAMILY = "1,2";
				TEST_HOST = "$(BUILT_PRODUCTS_DIR)/RickAndMortyWiki.app/$(BUNDLE_EXECUTABLE_FOLDER_PATH)/RickAndMortyWiki";
			};
			name = "Releas-DEV";
		};
		3DBED8732B5050F5000753B6 /* Releas-DEV */ = {
			isa = XCBuildConfiguration;
			buildSettings = {
				ALWAYS_EMBED_SWIFT_STANDARD_LIBRARIES = YES;
				CODE_SIGN_STYLE = Automatic;
				CURRENT_PROJECT_VERSION = 1;
				DEVELOPMENT_TEAM = 5YFJP9Y83V;
				GENERATE_INFOPLIST_FILE = YES;
				IPHONEOS_DEPLOYMENT_TARGET = 15.0;
				MARKETING_VERSION = 1.0;
				PRODUCT_BUNDLE_IDENTIFIER = com.devlab.RickAndMortyWikiUITests;
				PRODUCT_NAME = "$(TARGET_NAME)";
				SUPPORTED_PLATFORMS = "iphoneos iphonesimulator";
				SUPPORTS_MACCATALYST = NO;
				SUPPORTS_MAC_DESIGNED_FOR_IPHONE_IPAD = NO;
				SWIFT_EMIT_LOC_STRINGS = NO;
				SWIFT_VERSION = 5.0;
				TARGETED_DEVICE_FAMILY = "1,2";
				TEST_TARGET_NAME = RickAndMortyWiki;
			};
			name = "Releas-DEV";
		};
/* End XCBuildConfiguration section */

/* Begin XCConfigurationList section */
		3DBED8292B503CA8000753B6 /* Build configuration list for PBXProject "RickAndMortyWiki" */ = {
			isa = XCConfigurationList;
			buildConfigurations = (
				3DBED8592B503CA9000753B6 /* Debug */,
				3DBED86C2B5050EC000753B6 /* Debug-DEV */,
				3DBED85A2B503CA9000753B6 /* Release */,
				3DBED8702B5050F5000753B6 /* Releas-DEV */,
			);
			defaultConfigurationIsVisible = 0;
			defaultConfigurationName = Release;
		};
		3DBED85B2B503CA9000753B6 /* Build configuration list for PBXNativeTarget "RickAndMortyWiki" */ = {
			isa = XCConfigurationList;
			buildConfigurations = (
				3DBED85C2B503CA9000753B6 /* Debug */,
				3DBED86D2B5050EC000753B6 /* Debug-DEV */,
				3DBED85D2B503CA9000753B6 /* Release */,
				3DBED8712B5050F5000753B6 /* Releas-DEV */,
			);
			defaultConfigurationIsVisible = 0;
			defaultConfigurationName = Release;
		};
		3DBED85E2B503CA9000753B6 /* Build configuration list for PBXNativeTarget "RickAndMortyWikiTests" */ = {
			isa = XCConfigurationList;
			buildConfigurations = (
				3DBED85F2B503CA9000753B6 /* Debug */,
				3DBED86E2B5050EC000753B6 /* Debug-DEV */,
				3DBED8602B503CA9000753B6 /* Release */,
				3DBED8722B5050F5000753B6 /* Releas-DEV */,
			);
			defaultConfigurationIsVisible = 0;
			defaultConfigurationName = Release;
		};
		3DBED8612B503CA9000753B6 /* Build configuration list for PBXNativeTarget "RickAndMortyWikiUITests" */ = {
			isa = XCConfigurationList;
			buildConfigurations = (
				3DBED8622B503CA9000753B6 /* Debug */,
				3DBED86F2B5050EC000753B6 /* Debug-DEV */,
				3DBED8632B503CA9000753B6 /* Release */,
				3DBED8732B5050F5000753B6 /* Releas-DEV */,
			);
			defaultConfigurationIsVisible = 0;
			defaultConfigurationName = Release;
		};
/* End XCConfigurationList section */

/* Begin XCVersionGroup section */
		3DBED83A2B503CA8000753B6 /* CoreDataStorage.xcdatamodeld */ = {
			isa = XCVersionGroup;
			children = (
				3DBED83B2B503CA8000753B6 /* RickAndMortyWiki.xcdatamodel */,
			);
			currentVersion = 3DBED83B2B503CA8000753B6 /* RickAndMortyWiki.xcdatamodel */;
			path = CoreDataStorage.xcdatamodeld;
			sourceTree = "<group>";
			versionGroupType = wrapper.xcdatamodel;
		};
/* End XCVersionGroup section */
	};
	rootObject = 3DBED8262B503CA8000753B6 /* Project object */;
}
